// !$*UTF8*$!
{
	archiveVersion = 1;
	classes = {
	};
	objectVersion = 42;
	objects = {

/* Begin PBXBuildFile section */
		0A061BCE10F7CCD900E88056 /* iTunesBridge.h in Headers */ = {isa = PBXBuildFile; fileRef = 0A061BCD10F7CCD900E88056 /* iTunesBridge.h */; };
		0A061D6610F855DC00E88056 /* defines.h in Headers */ = {isa = PBXBuildFile; fileRef = 0A061D6510F855DC00E88056 /* defines.h */; };
		0A061D8D10F8580B00E88056 /* AIPluginProtocol.h in Headers */ = {isa = PBXBuildFile; fileRef = 0A061D7310F8580B00E88056 /* AIPluginProtocol.h */; };
		0A061D8E10F8580B00E88056 /* AIPluginSelector.h in Headers */ = {isa = PBXBuildFile; fileRef = 0A061D7410F8580B00E88056 /* AIPluginSelector.h */; };
		0A061D8F10F8580B00E88056 /* AIPluginSelector.m in Sources */ = {isa = PBXBuildFile; fileRef = 0A061D7510F8580B00E88056 /* AIPluginSelector.m */; };
		0A061D9210F8580B00E88056 /* AppController.h in Headers */ = {isa = PBXBuildFile; fileRef = 0A061D7810F8580B00E88056 /* AppController.h */; };
		0A061D9310F8580B00E88056 /* AppController.m in Sources */ = {isa = PBXBuildFile; fileRef = 0A061D7910F8580B00E88056 /* AppController.m */; };
		0A061D9410F8580B00E88056 /* Breakaway_Prefix.pch in Headers */ = {isa = PBXBuildFile; fileRef = 0A061D7A10F8580B00E88056 /* Breakaway_Prefix.pch */; };
		0A061D9710F8580B00E88056 /* defines.m in Sources */ = {isa = PBXBuildFile; fileRef = 0A061D7D10F8580B00E88056 /* defines.m */; };
		0A061D9810F8580B00E88056 /* GrowlNotifier.h in Headers */ = {isa = PBXBuildFile; fileRef = 0A061D7E10F8580B00E88056 /* GrowlNotifier.h */; };
		0A061D9910F8580B00E88056 /* GrowlNotifier.m in Sources */ = {isa = PBXBuildFile; fileRef = 0A061D7F10F8580B00E88056 /* GrowlNotifier.m */; };
		0A061D9B10F8580B00E88056 /* main.m in Sources */ = {isa = PBXBuildFile; fileRef = 0A061D8110F8580B00E88056 /* main.m */; };
		0A061D9C10F8580B00E88056 /* PreferenceHandler.h in Headers */ = {isa = PBXBuildFile; fileRef = 0A061D8210F8580B00E88056 /* PreferenceHandler.h */; };
		0A061D9D10F8580B00E88056 /* PreferenceHandler.m in Sources */ = {isa = PBXBuildFile; fileRef = 0A061D8310F8580B00E88056 /* PreferenceHandler.m */; };
		0A061D9E10F8580B00E88056 /* PreferencesController.h in Headers */ = {isa = PBXBuildFile; fileRef = 0A061D8410F8580B00E88056 /* PreferencesController.h */; };
		0A061D9F10F8580B00E88056 /* PreferencesController.m in Sources */ = {isa = PBXBuildFile; fileRef = 0A061D8510F8580B00E88056 /* PreferencesController.m */; };
		0A12438512B03D0800A0CC48 /* VLCBridge.h in Headers */ = {isa = PBXBuildFile; fileRef = 0A12438412B03D0800A0CC48 /* VLCBridge.h */; };
		0A2B1F4A10FBDB2D00D28890 /* Growl.framework in CopyFiles */ = {isa = PBXBuildFile; fileRef = 0AC67D860F0F2C7500196632 /* Growl.framework */; };
		0A2B1F5010FBDBDB00D28890 /* Sparkle.framework in CopyFiles */ = {isa = PBXBuildFile; fileRef = 0AC67D870F0F2C7600196632 /* Sparkle.framework */; };
		0A2B1F5510FBDC6800D28890 /* dsa_pub.pem in Resources */ = {isa = PBXBuildFile; fileRef = 0A2B1F5410FBDC6800D28890 /* dsa_pub.pem */; };
		0A2B1FFB10FC5B8E00D28890 /* update.tiff in Resources */ = {isa = PBXBuildFile; fileRef = 0A2B1FFA10FC5B8E00D28890 /* update.tiff */; };
		0A46114C0DF07425001A579C /* ChangeLog in Resources */ = {isa = PBXBuildFile; fileRef = 0A46114A0DF07425001A579C /* ChangeLog */; };
		0A4D7FE610FE735E00850E00 /* SUHost.h in Headers */ = {isa = PBXBuildFile; fileRef = 0A4D7FE410FE735E00850E00 /* SUHost.h */; };
		0A4D7FE710FE735E00850E00 /* SUSystemProfiler.h in Headers */ = {isa = PBXBuildFile; fileRef = 0A4D7FE510FE735E00850E00 /* SUSystemProfiler.h */; };
		0A9C81C80E21CAAD001B29F6 /* Cocoa.framework in Frameworks */ = {isa = PBXBuildFile; fileRef = 1058C7A1FEA54F0111CA2CBB /* Cocoa.framework */; };
		0AA225BE10F98CFE00401B7A /* AIAppleScriptPluginController.h in Headers */ = {isa = PBXBuildFile; fileRef = 0A061D6E10F8580B00E88056 /* AIAppleScriptPluginController.h */; };
		0AA225BF10F98D0100401B7A /* AIPluginProtocol.h in Headers */ = {isa = PBXBuildFile; fileRef = 0A061D7310F8580B00E88056 /* AIPluginProtocol.h */; };
		0AA225C010F98D0E00401B7A /* AIVLCPlugin.m in Sources */ = {isa = PBXBuildFile; fileRef = 0A061D7710F8580B00E88056 /* AIVLCPlugin.m */; };
		0AA225C110F98D1000401B7A /* AIVLCPlugin.h in Headers */ = {isa = PBXBuildFile; fileRef = 0A061D7610F8580B00E88056 /* AIVLCPlugin.h */; };
		0AA225C510F98D2D00401B7A /* AIAppleScriptPlugin.m in Sources */ = {isa = PBXBuildFile; fileRef = 0A061D6D10F8580B00E88056 /* AIAppleScriptPlugin.m */; };
		0AA225C610F98D3000401B7A /* AIAppleScriptPlugin.h in Headers */ = {isa = PBXBuildFile; fileRef = 0A061D6C10F8580B00E88056 /* AIAppleScriptPlugin.h */; };
		0AA225C710F98D3000401B7A /* AIDropWell.m in Sources */ = {isa = PBXBuildFile; fileRef = 0A061D7110F8580B00E88056 /* AIDropWell.m */; };
		0AA225C810F98D3100401B7A /* AIAppleScriptPluginController.h in Headers */ = {isa = PBXBuildFile; fileRef = 0A061D6E10F8580B00E88056 /* AIAppleScriptPluginController.h */; };
		0AA225C910F98D3100401B7A /* AIAppleScriptPluginController.m in Sources */ = {isa = PBXBuildFile; fileRef = 0A061D6F10F8580B00E88056 /* AIAppleScriptPluginController.m */; };
		0AA225CA10F98D3100401B7A /* AIDropWell.h in Headers */ = {isa = PBXBuildFile; fileRef = 0A061D7010F8580B00E88056 /* AIDropWell.h */; };
		0AA225CC10F98D8D00401B7A /* DebugUtils.h in Headers */ = {isa = PBXBuildFile; fileRef = 0ACA9C320B0D297F00610F2A /* DebugUtils.h */; };
		0AA225E610F98E6100401B7A /* ScriptingBridge.framework in Frameworks */ = {isa = PBXBuildFile; fileRef = 0A061AFB10F7C8C200E88056 /* ScriptingBridge.framework */; };
		0AA225E710F98E6200401B7A /* Cocoa.framework in Frameworks */ = {isa = PBXBuildFile; fileRef = 1058C7A1FEA54F0111CA2CBB /* Cocoa.framework */; };
		0AA225E810F98E6300401B7A /* CoreAudio.framework in Frameworks */ = {isa = PBXBuildFile; fileRef = 0A45732E0AFFD766007EBF43 /* CoreAudio.framework */; };
		0AA2262210F994B400401B7A /* 15BreakawayIcon.icns in Resources */ = {isa = PBXBuildFile; fileRef = 0AA225FF10F994B400401B7A /* 15BreakawayIcon.icns */; };
		0AA2262310F994B400401B7A /* Add.tiff in Resources */ = {isa = PBXBuildFile; fileRef = 0AA2260010F994B400401B7A /* Add.tiff */; };
		0AA2262410F994B400401B7A /* General Preferences.tiff in Resources */ = {isa = PBXBuildFile; fileRef = 0AA2260110F994B400401B7A /* General Preferences.tiff */; };
		0AA2262510F994B400401B7A /* Get Info.tiff in Resources */ = {isa = PBXBuildFile; fileRef = 0AA2260210F994B400401B7A /* Get Info.tiff */; };
		0AA2263110F994B400401B7A /* Network Utility.tiff in Resources */ = {isa = PBXBuildFile; fileRef = 0AA2261610F994B400401B7A /* Network Utility.tiff */; };
		0AA2263210F994B400401B7A /* notfoundover.png in Resources */ = {isa = PBXBuildFile; fileRef = 0AA2261710F994B400401B7A /* notfoundover.png */; };
		0AA2263310F994B400401B7A /* plugins.png in Resources */ = {isa = PBXBuildFile; fileRef = 0AA2261810F994B400401B7A /* plugins.png */; };
		0AA2263410F994B400401B7A /* Power.tiff in Resources */ = {isa = PBXBuildFile; fileRef = 0AA2261910F994B400401B7A /* Power.tiff */; };
		0AA2263510F994B400401B7A /* Remove.tiff in Resources */ = {isa = PBXBuildFile; fileRef = 0AA2261A10F994B400401B7A /* Remove.tiff */; };
		0AA2263710F994B400401B7A /* Users.tiff in Resources */ = {isa = PBXBuildFile; fileRef = 0AA2261C10F994B400401B7A /* Users.tiff */; };
		0AC652EF11432FA20065C46E /* README in Resources */ = {isa = PBXBuildFile; fileRef = 0AC652EE11432FA20065C46E /* README */; };
		0AD644C913848B3C00DC25D5 /* iTunesPlugin.xib in Resources */ = {isa = PBXBuildFile; fileRef = 0AD644C813848B3C00DC25D5 /* iTunesPlugin.xib */; };
		0AD6476E1384E3E500DC25D5 /* disabled.tiff in Resources */ = {isa = PBXBuildFile; fileRef = 0AD647591384E3E500DC25D5 /* disabled.tiff */; };
		0AD6476F1384E3E500DC25D5 /* pd1.tiff in Resources */ = {isa = PBXBuildFile; fileRef = 0AD6475A1384E3E500DC25D5 /* pd1.tiff */; };
		0AD647701384E3E500DC25D5 /* pd2.tiff in Resources */ = {isa = PBXBuildFile; fileRef = 0AD6475B1384E3E500DC25D5 /* pd2.tiff */; };
		0AD647711384E3E500DC25D5 /* pd3.tiff in Resources */ = {isa = PBXBuildFile; fileRef = 0AD6475C1384E3E500DC25D5 /* pd3.tiff */; };
		0AD647721384E3E500DC25D5 /* pd4.tiff in Resources */ = {isa = PBXBuildFile; fileRef = 0AD6475D1384E3E500DC25D5 /* pd4.tiff */; };
		0AD647731384E3E500DC25D5 /* pd5.tiff in Resources */ = {isa = PBXBuildFile; fileRef = 0AD6475E1384E3E500DC25D5 /* pd5.tiff */; };
		0AD647741384E3E500DC25D5 /* pd6.tiff in Resources */ = {isa = PBXBuildFile; fileRef = 0AD6475F1384E3E500DC25D5 /* pd6.tiff */; };
		0AD647751384E3E500DC25D5 /* plugged.tiff in Resources */ = {isa = PBXBuildFile; fileRef = 0AD647601384E3E500DC25D5 /* plugged.tiff */; };
		0AD647761384E3E500DC25D5 /* pu1.tiff in Resources */ = {isa = PBXBuildFile; fileRef = 0AD647611384E3E500DC25D5 /* pu1.tiff */; };
		0AD647771384E3E500DC25D5 /* pu2.tiff in Resources */ = {isa = PBXBuildFile; fileRef = 0AD647621384E3E500DC25D5 /* pu2.tiff */; };
		0AD647781384E3E500DC25D5 /* pu3.tiff in Resources */ = {isa = PBXBuildFile; fileRef = 0AD647631384E3E500DC25D5 /* pu3.tiff */; };
		0AD647791384E3E500DC25D5 /* pu4.tiff in Resources */ = {isa = PBXBuildFile; fileRef = 0AD647641384E3E500DC25D5 /* pu4.tiff */; };
		0AD6477A1384E3E500DC25D5 /* pu5.tiff in Resources */ = {isa = PBXBuildFile; fileRef = 0AD647651384E3E500DC25D5 /* pu5.tiff */; };
		0AD6477B1384E3E500DC25D5 /* pu6.tiff in Resources */ = {isa = PBXBuildFile; fileRef = 0AD647661384E3E500DC25D5 /* pu6.tiff */; };
		0AD6477C1384E3E500DC25D5 /* ud1.tiff in Resources */ = {isa = PBXBuildFile; fileRef = 0AD647671384E3E500DC25D5 /* ud1.tiff */; };
		0AD6477D1384E3E500DC25D5 /* ud2.tiff in Resources */ = {isa = PBXBuildFile; fileRef = 0AD647681384E3E500DC25D5 /* ud2.tiff */; };
		0AD6477E1384E3E500DC25D5 /* ud3.tiff in Resources */ = {isa = PBXBuildFile; fileRef = 0AD647691384E3E500DC25D5 /* ud3.tiff */; };
		0AD6477F1384E3E500DC25D5 /* ud4.tiff in Resources */ = {isa = PBXBuildFile; fileRef = 0AD6476A1384E3E500DC25D5 /* ud4.tiff */; };
		0AD647801384E3E500DC25D5 /* ud5.tiff in Resources */ = {isa = PBXBuildFile; fileRef = 0AD6476B1384E3E500DC25D5 /* ud5.tiff */; };
		0AD647811384E3E500DC25D5 /* ud6.tiff in Resources */ = {isa = PBXBuildFile; fileRef = 0AD6476C1384E3E500DC25D5 /* ud6.tiff */; };
		0AD647821384E3E500DC25D5 /* unplugged.tiff in Resources */ = {isa = PBXBuildFile; fileRef = 0AD6476D1384E3E500DC25D5 /* unplugged.tiff */; };
		0ADE9612136BE6950045CCB5 /* AIiTunesPlugin.m in Sources */ = {isa = PBXBuildFile; fileRef = 0ADE95DA136BE3020045CCB5 /* AIiTunesPlugin.m */; };
		0ADE9636136BE7B70045CCB5 /* ScriptingBridge.framework in Frameworks */ = {isa = PBXBuildFile; fileRef = 0A061AFB10F7C8C200E88056 /* ScriptingBridge.framework */; };
		0ADE979C136BF5EC0045CCB5 /* iTunes Plugin.plugin in CopyFiles */ = {isa = PBXBuildFile; fileRef = 0ADE95E5136BE34C0045CCB5 /* iTunes Plugin.plugin */; };
		0ADE981A136CCC480045CCB5 /* Growl.framework in Frameworks */ = {isa = PBXBuildFile; fileRef = 0AC67D860F0F2C7500196632 /* Growl.framework */; };
		0AE1AF15136AFFB80085D686 /* Growl.framework in Frameworks */ = {isa = PBXBuildFile; fileRef = 0AC67D860F0F2C7500196632 /* Growl.framework */; };
		0AE1AF16136AFFB80085D686 /* Sparkle.framework in Frameworks */ = {isa = PBXBuildFile; fileRef = 0AC67D870F0F2C7600196632 /* Sparkle.framework */; };
		0AF2CF981375D47C00BB5865 /* SharedBreakaway.h in Headers */ = {isa = PBXBuildFile; fileRef = 0AF2CF961375D47C00BB5865 /* SharedBreakaway.h */; };
		0AF2CF991375D47C00BB5865 /* SharedBreakaway.m in Sources */ = {isa = PBXBuildFile; fileRef = 0AF2CF971375D47C00BB5865 /* SharedBreakaway.m */; };
		0AF2D0251376443200BB5865 /* AIToolbarItem.h in Headers */ = {isa = PBXBuildFile; fileRef = 0AF2D0231376443200BB5865 /* AIToolbarItem.h */; };
		0AF2D0261376443200BB5865 /* AIToolbarItem.m in Sources */ = {isa = PBXBuildFile; fileRef = 0AF2D0241376443200BB5865 /* AIToolbarItem.m */; };
		0AF2D183137667E400BB5865 /* AIPluginController.h in Headers */ = {isa = PBXBuildFile; fileRef = 0AF2D181137667E400BB5865 /* AIPluginController.h */; };
		0AF2D184137667E400BB5865 /* AIPluginController.m in Sources */ = {isa = PBXBuildFile; fileRef = 0AF2D182137667E400BB5865 /* AIPluginController.m */; };
		0AF2D341137782E600BB5865 /* iTunes.png in Resources */ = {isa = PBXBuildFile; fileRef = 0AF2D340137782E600BB5865 /* iTunes.png */; };
		0AF2D38C13778A8100BB5865 /* NSTextFieldCell+VertCentering.h in Headers */ = {isa = PBXBuildFile; fileRef = 0AF2D38A13778A8100BB5865 /* NSTextFieldCell+VertCentering.h */; };
		0AF2D3A313778B1500BB5865 /* NSTextFieldCell+VertCentering.m in Sources */ = {isa = PBXBuildFile; fileRef = 0AF2D38B13778A8100BB5865 /* NSTextFieldCell+VertCentering.m */; };
		0AF2D3AD1377959100BB5865 /* VLCPlugin.xib in Resources */ = {isa = PBXBuildFile; fileRef = 0AF2D3AC1377959100BB5865 /* VLCPlugin.xib */; };
		0AF2D3B0137795AB00BB5865 /* AppleScriptPlugin.xib in Resources */ = {isa = PBXBuildFile; fileRef = 0AF2D3AF137795AB00BB5865 /* AppleScriptPlugin.xib */; };
		0AF2D3B4137795BC00BB5865 /* MainMenu.xib in Resources */ = {isa = PBXBuildFile; fileRef = 0AF2D3B2137795BC00BB5865 /* MainMenu.xib */; };
		0AF2D3B8137795C800BB5865 /* Preferences.xib in Resources */ = {isa = PBXBuildFile; fileRef = 0AF2D3B6137795C800BB5865 /* Preferences.xib */; };
		0AF44E380B1229D0007163FE /* COPYING in Resources */ = {isa = PBXBuildFile; fileRef = 0AF44E370B1229D0007163FE /* COPYING */; };
/* End PBXBuildFile section */

/* Begin PBXContainerItemProxy section */
		0ADE96D9136BEE9F0045CCB5 /* PBXContainerItemProxy */ = {
			isa = PBXContainerItemProxy;
			containerPortal = 29B97313FDCFA39411CA2CEA /* Project object */;
			proxyType = 1;
			remoteGlobalIDString = 0ADE95E4136BE34C0045CCB5;
			remoteInfo = "iTunes Plugin";
		};
/* End PBXContainerItemProxy section */

/* Begin PBXCopyFilesBuildPhase section */
		0A2B1F4D10FBDB3100D28890 /* CopyFiles */ = {
			isa = PBXCopyFilesBuildPhase;
			buildActionMask = 2147483647;
			dstPath = "";
			dstSubfolderSpec = 10;
			files = (
				0A2B1F5010FBDBDB00D28890 /* Sparkle.framework in CopyFiles */,
				0A2B1F4A10FBDB2D00D28890 /* Growl.framework in CopyFiles */,
			);
			runOnlyForDeploymentPostprocessing = 0;
		};
		0AC65349114331DD0065C46E /* CopyFiles */ = {
			isa = PBXCopyFilesBuildPhase;
			buildActionMask = 2147483647;
			dstPath = "";
			dstSubfolderSpec = 13;
			files = (
				0ADE979C136BF5EC0045CCB5 /* iTunes Plugin.plugin in CopyFiles */,
			);
			runOnlyForDeploymentPostprocessing = 0;
		};
/* End PBXCopyFilesBuildPhase section */

/* Begin PBXFileReference section */
		0A061AFB10F7C8C200E88056 /* ScriptingBridge.framework */ = {isa = PBXFileReference; lastKnownFileType = wrapper.framework; name = ScriptingBridge.framework; path = /System/Library/Frameworks/ScriptingBridge.framework; sourceTree = "<absolute>"; };
		0A061BCD10F7CCD900E88056 /* iTunesBridge.h */ = {isa = PBXFileReference; fileEncoding = 4; lastKnownFileType = sourcecode.c.h; name = iTunesBridge.h; path = src/iTunesBridge.h; sourceTree = "<group>"; };
		0A061D6510F855DC00E88056 /* defines.h */ = {isa = PBXFileReference; fileEncoding = 4; lastKnownFileType = sourcecode.c.h; name = defines.h; path = src/defines.h; sourceTree = "<group>"; };
		0A061D6C10F8580B00E88056 /* AIAppleScriptPlugin.h */ = {isa = PBXFileReference; fileEncoding = 4; lastKnownFileType = sourcecode.c.h; name = AIAppleScriptPlugin.h; path = src/AIAppleScriptPlugin.h; sourceTree = "<group>"; };
		0A061D6D10F8580B00E88056 /* AIAppleScriptPlugin.m */ = {isa = PBXFileReference; fileEncoding = 4; lastKnownFileType = sourcecode.c.objc; name = AIAppleScriptPlugin.m; path = src/AIAppleScriptPlugin.m; sourceTree = "<group>"; };
		0A061D6E10F8580B00E88056 /* AIAppleScriptPluginController.h */ = {isa = PBXFileReference; fileEncoding = 4; lastKnownFileType = sourcecode.c.h; name = AIAppleScriptPluginController.h; path = src/AIAppleScriptPluginController.h; sourceTree = "<group>"; };
		0A061D6F10F8580B00E88056 /* AIAppleScriptPluginController.m */ = {isa = PBXFileReference; fileEncoding = 4; lastKnownFileType = sourcecode.c.objc; name = AIAppleScriptPluginController.m; path = src/AIAppleScriptPluginController.m; sourceTree = "<group>"; };
		0A061D7010F8580B00E88056 /* AIDropWell.h */ = {isa = PBXFileReference; fileEncoding = 4; lastKnownFileType = sourcecode.c.h; name = AIDropWell.h; path = src/AIDropWell.h; sourceTree = "<group>"; };
		0A061D7110F8580B00E88056 /* AIDropWell.m */ = {isa = PBXFileReference; fileEncoding = 4; lastKnownFileType = sourcecode.c.objc; name = AIDropWell.m; path = src/AIDropWell.m; sourceTree = "<group>"; };
		0A061D7210F8580B00E88056 /* AIPluginControllerProtocol.h */ = {isa = PBXFileReference; fileEncoding = 4; lastKnownFileType = sourcecode.c.h; name = AIPluginControllerProtocol.h; path = src/AIPluginControllerProtocol.h; sourceTree = "<group>"; };
		0A061D7310F8580B00E88056 /* AIPluginProtocol.h */ = {isa = PBXFileReference; fileEncoding = 4; lastKnownFileType = sourcecode.c.h; name = AIPluginProtocol.h; path = src/AIPluginProtocol.h; sourceTree = "<group>"; };
		0A061D7410F8580B00E88056 /* AIPluginSelector.h */ = {isa = PBXFileReference; fileEncoding = 4; lastKnownFileType = sourcecode.c.h; name = AIPluginSelector.h; path = src/AIPluginSelector.h; sourceTree = "<group>"; };
		0A061D7510F8580B00E88056 /* AIPluginSelector.m */ = {isa = PBXFileReference; fileEncoding = 4; lastKnownFileType = sourcecode.c.objc; name = AIPluginSelector.m; path = src/AIPluginSelector.m; sourceTree = "<group>"; };
		0A061D7610F8580B00E88056 /* AIVLCPlugin.h */ = {isa = PBXFileReference; fileEncoding = 4; lastKnownFileType = sourcecode.c.h; name = AIVLCPlugin.h; path = src/AIVLCPlugin.h; sourceTree = "<group>"; };
		0A061D7710F8580B00E88056 /* AIVLCPlugin.m */ = {isa = PBXFileReference; fileEncoding = 4; lastKnownFileType = sourcecode.c.objc; name = AIVLCPlugin.m; path = src/AIVLCPlugin.m; sourceTree = "<group>"; };
		0A061D7810F8580B00E88056 /* AppController.h */ = {isa = PBXFileReference; fileEncoding = 4; lastKnownFileType = sourcecode.c.h; name = AppController.h; path = src/AppController.h; sourceTree = "<group>"; };
		0A061D7910F8580B00E88056 /* AppController.m */ = {isa = PBXFileReference; fileEncoding = 4; lastKnownFileType = sourcecode.c.objc; name = AppController.m; path = src/AppController.m; sourceTree = "<group>"; };
		0A061D7A10F8580B00E88056 /* Breakaway_Prefix.pch */ = {isa = PBXFileReference; fileEncoding = 4; lastKnownFileType = sourcecode.c.h; name = Breakaway_Prefix.pch; path = src/Breakaway_Prefix.pch; sourceTree = "<group>"; };
		0A061D7D10F8580B00E88056 /* defines.m */ = {isa = PBXFileReference; fileEncoding = 4; lastKnownFileType = sourcecode.c.objc; name = defines.m; path = src/defines.m; sourceTree = "<group>"; };
		0A061D7E10F8580B00E88056 /* GrowlNotifier.h */ = {isa = PBXFileReference; fileEncoding = 4; lastKnownFileType = sourcecode.c.h; name = GrowlNotifier.h; path = src/GrowlNotifier.h; sourceTree = "<group>"; };
		0A061D7F10F8580B00E88056 /* GrowlNotifier.m */ = {isa = PBXFileReference; fileEncoding = 4; lastKnownFileType = sourcecode.c.objc; name = GrowlNotifier.m; path = src/GrowlNotifier.m; sourceTree = "<group>"; };
		0A061D8110F8580B00E88056 /* main.m */ = {isa = PBXFileReference; fileEncoding = 4; lastKnownFileType = sourcecode.c.objc; name = main.m; path = src/main.m; sourceTree = "<group>"; };
		0A061D8210F8580B00E88056 /* PreferenceHandler.h */ = {isa = PBXFileReference; fileEncoding = 4; lastKnownFileType = sourcecode.c.h; name = PreferenceHandler.h; path = src/PreferenceHandler.h; sourceTree = "<group>"; };
		0A061D8310F8580B00E88056 /* PreferenceHandler.m */ = {isa = PBXFileReference; fileEncoding = 4; lastKnownFileType = sourcecode.c.objc; name = PreferenceHandler.m; path = src/PreferenceHandler.m; sourceTree = "<group>"; };
		0A061D8410F8580B00E88056 /* PreferencesController.h */ = {isa = PBXFileReference; fileEncoding = 4; lastKnownFileType = sourcecode.c.h; name = PreferencesController.h; path = src/PreferencesController.h; sourceTree = "<group>"; };
		0A061D8510F8580B00E88056 /* PreferencesController.m */ = {isa = PBXFileReference; fileEncoding = 4; lastKnownFileType = sourcecode.c.objc; name = PreferencesController.m; path = src/PreferencesController.m; sourceTree = "<group>"; };
		0A061E3210F859C200E88056 /* VLC Plugin-Info.plist */ = {isa = PBXFileReference; fileEncoding = 4; lastKnownFileType = text.plist.xml; name = "VLC Plugin-Info.plist"; path = "resources/plugins/VLC Plugin-Info.plist"; sourceTree = "<group>"; };
		0A061E3310F859C200E88056 /* vlcPlaying */ = {isa = PBXFileReference; fileEncoding = 4; lastKnownFileType = text.script.sh; name = vlcPlaying; path = resources/plugins/vlcPlaying; sourceTree = "<group>"; };
		0A12438412B03D0800A0CC48 /* VLCBridge.h */ = {isa = PBXFileReference; fileEncoding = 4; lastKnownFileType = sourcecode.c.h; name = VLCBridge.h; path = Projects/files/breakaway/src/VLCBridge.h; sourceTree = SYSTEM_DEVELOPER_DIR; };
		0A2B1F5410FBDC6800D28890 /* dsa_pub.pem */ = {isa = PBXFileReference; fileEncoding = 4; lastKnownFileType = text; name = dsa_pub.pem; path = resources/dsa_pub.pem; sourceTree = "<group>"; };
		0A2B1FFA10FC5B8E00D28890 /* update.tiff */ = {isa = PBXFileReference; lastKnownFileType = image.tiff; path = update.tiff; sourceTree = "<group>"; };
		0A45732E0AFFD766007EBF43 /* CoreAudio.framework */ = {isa = PBXFileReference; lastKnownFileType = wrapper.framework; name = CoreAudio.framework; path = /System/Library/Frameworks/CoreAudio.framework; sourceTree = "<absolute>"; };
		0A46114A0DF07425001A579C /* ChangeLog */ = {isa = PBXFileReference; fileEncoding = 4; lastKnownFileType = text; path = ChangeLog; sourceTree = "<group>"; };
		0A4D7FE410FE735E00850E00 /* SUHost.h */ = {isa = PBXFileReference; fileEncoding = 4; lastKnownFileType = sourcecode.c.h; name = SUHost.h; path = src/SUHost.h; sourceTree = "<group>"; };
		0A4D7FE510FE735E00850E00 /* SUSystemProfiler.h */ = {isa = PBXFileReference; fileEncoding = 4; lastKnownFileType = sourcecode.c.h; name = SUSystemProfiler.h; path = src/SUSystemProfiler.h; sourceTree = "<group>"; };
		0A55C4880E36D7C200347DB7 /* VLC Plugin.plugin */ = {isa = PBXFileReference; explicitFileType = wrapper.cfbundle; includeInIndex = 0; path = "VLC Plugin.plugin"; sourceTree = BUILT_PRODUCTS_DIR; };
		0A9C81C00E21CA62001B29F6 /* AppleScript Plugin.plugin */ = {isa = PBXFileReference; explicitFileType = wrapper.cfbundle; includeInIndex = 0; path = "AppleScript Plugin.plugin"; sourceTree = BUILT_PRODUCTS_DIR; };
		0A9C81C10E21CA62001B29F6 /* AppleScript Plugin-Info.plist */ = {isa = PBXFileReference; lastKnownFileType = text.plist.xml; name = "AppleScript Plugin-Info.plist"; path = "resources/plugins/AppleScript Plugin-Info.plist"; sourceTree = "<group>"; };
		0AA225F810F994B300401B7A /* connected.png */ = {isa = PBXFileReference; lastKnownFileType = image.png; path = connected.png; sourceTree = "<group>"; };
		0AA225F910F994B300401B7A /* disabled.png */ = {isa = PBXFileReference; lastKnownFileType = image.png; path = disabled.png; sourceTree = "<group>"; };
		0AA225FA10F994B300401B7A /* disconnected.png */ = {isa = PBXFileReference; lastKnownFileType = image.png; path = disconnected.png; sourceTree = "<group>"; };
		0AA225FC10F994B400401B7A /* bg.psd */ = {isa = PBXFileReference; lastKnownFileType = file; path = bg.psd; sourceTree = "<group>"; };
		0AA225FD10F994B400401B7A /* breakaway screenshot.png */ = {isa = PBXFileReference; lastKnownFileType = image.png; path = "breakaway screenshot.png"; sourceTree = "<group>"; };
		0AA225FF10F994B400401B7A /* 15BreakawayIcon.icns */ = {isa = PBXFileReference; lastKnownFileType = image.icns; path = 15BreakawayIcon.icns; sourceTree = "<group>"; };
		0AA2260010F994B400401B7A /* Add.tiff */ = {isa = PBXFileReference; lastKnownFileType = image.tiff; path = Add.tiff; sourceTree = "<group>"; };
		0AA2260110F994B400401B7A /* General Preferences.tiff */ = {isa = PBXFileReference; lastKnownFileType = image.tiff; path = "General Preferences.tiff"; sourceTree = "<group>"; };
		0AA2260210F994B400401B7A /* Get Info.tiff */ = {isa = PBXFileReference; lastKnownFileType = image.tiff; path = "Get Info.tiff"; sourceTree = "<group>"; };
		0AA2260810F994B400401B7A /* 15BreakawayIcon.png */ = {isa = PBXFileReference; lastKnownFileType = image.png; path = 15BreakawayIcon.png; sourceTree = "<group>"; };
		0AA2260A10F994B400401B7A /* connected.png */ = {isa = PBXFileReference; lastKnownFileType = image.png; path = connected.png; sourceTree = "<group>"; };
		0AA2260B10F994B400401B7A /* disabled.png */ = {isa = PBXFileReference; lastKnownFileType = image.png; path = disabled.png; sourceTree = "<group>"; };
		0AA2260C10F994B400401B7A /* disconnected.png */ = {isa = PBXFileReference; lastKnownFileType = image.png; path = disconnected.png; sourceTree = "<group>"; };
		0AA2260D10F994B400401B7A /* icon.icns */ = {isa = PBXFileReference; lastKnownFileType = image.icns; path = icon.icns; sourceTree = "<group>"; };
		0AA2261010F994B400401B7A /* Preview.pdf */ = {isa = PBXFileReference; lastKnownFileType = image.pdf; path = Preview.pdf; sourceTree = "<group>"; };
		0AA2261110F994B400401B7A /* Thumbnail.jpg */ = {isa = PBXFileReference; lastKnownFileType = image.jpeg; path = Thumbnail.jpg; sourceTree = "<group>"; };
		0AA2261210F994B400401B7A /* VectorDesigner */ = {isa = PBXFileReference; lastKnownFileType = file.bplist; path = VectorDesigner; sourceTree = "<group>"; };
		0AA2261310F994B400401B7A /* jack.png */ = {isa = PBXFileReference; lastKnownFileType = image.png; path = jack.png; sourceTree = "<group>"; };
		0AA2261410F994B400401B7A /* jack.psd */ = {isa = PBXFileReference; lastKnownFileType = file; path = jack.psd; sourceTree = "<group>"; };
		0AA2261510F994B400401B7A /* oldIcon.icns */ = {isa = PBXFileReference; lastKnownFileType = image.icns; path = oldIcon.icns; sourceTree = "<group>"; };
		0AA2261610F994B400401B7A /* Network Utility.tiff */ = {isa = PBXFileReference; lastKnownFileType = image.tiff; path = "Network Utility.tiff"; sourceTree = "<group>"; };
		0AA2261710F994B400401B7A /* notfoundover.png */ = {isa = PBXFileReference; lastKnownFileType = image.png; path = notfoundover.png; sourceTree = "<group>"; };
		0AA2261810F994B400401B7A /* plugins.png */ = {isa = PBXFileReference; lastKnownFileType = image.png; path = plugins.png; sourceTree = "<group>"; };
		0AA2261910F994B400401B7A /* Power.tiff */ = {isa = PBXFileReference; lastKnownFileType = image.tiff; path = Power.tiff; sourceTree = "<group>"; };
		0AA2261A10F994B400401B7A /* Remove.tiff */ = {isa = PBXFileReference; lastKnownFileType = image.tiff; path = Remove.tiff; sourceTree = "<group>"; };
		0AA2261B10F994B400401B7A /* Terminal.tiff */ = {isa = PBXFileReference; lastKnownFileType = image.tiff; path = Terminal.tiff; sourceTree = "<group>"; };
		0AA2261C10F994B400401B7A /* Users.tiff */ = {isa = PBXFileReference; lastKnownFileType = image.tiff; path = Users.tiff; sourceTree = "<group>"; };
		0AC652EE11432FA20065C46E /* README */ = {isa = PBXFileReference; fileEncoding = 4; lastKnownFileType = text; path = README; sourceTree = "<group>"; };
		0AC67D860F0F2C7500196632 /* Growl.framework */ = {isa = PBXFileReference; lastKnownFileType = wrapper.framework; name = Growl.framework; path = frameworks/Growl.framework; sourceTree = "<group>"; };
		0AC67D870F0F2C7600196632 /* Sparkle.framework */ = {isa = PBXFileReference; lastKnownFileType = wrapper.framework; name = Sparkle.framework; path = frameworks/Sparkle.framework; sourceTree = "<group>"; };
		0ACA9C320B0D297F00610F2A /* DebugUtils.h */ = {isa = PBXFileReference; fileEncoding = 4; lastKnownFileType = sourcecode.c.h; name = DebugUtils.h; path = src/DebugUtils.h; sourceTree = "<group>"; };
		0AD644C813848B3C00DC25D5 /* iTunesPlugin.xib */ = {isa = PBXFileReference; lastKnownFileType = file.xib; name = iTunesPlugin.xib; path = Projects/files/breakaway/resources/plugins/iTunesPlugin.xib; sourceTree = SYSTEM_DEVELOPER_DIR; };
		0AD647591384E3E500DC25D5 /* disabled.tiff */ = {isa = PBXFileReference; lastKnownFileType = image.tiff; name = disabled.tiff; path = Projects/files/breakaway/resources/images/menuExtra/statusIconAnimations/disabled.tiff; sourceTree = SYSTEM_DEVELOPER_DIR; };
		0AD6475A1384E3E500DC25D5 /* pd1.tiff */ = {isa = PBXFileReference; lastKnownFileType = image.tiff; name = pd1.tiff; path = Projects/files/breakaway/resources/images/menuExtra/statusIconAnimations/pd1.tiff; sourceTree = SYSTEM_DEVELOPER_DIR; };
		0AD6475B1384E3E500DC25D5 /* pd2.tiff */ = {isa = PBXFileReference; lastKnownFileType = image.tiff; name = pd2.tiff; path = Projects/files/breakaway/resources/images/menuExtra/statusIconAnimations/pd2.tiff; sourceTree = SYSTEM_DEVELOPER_DIR; };
		0AD6475C1384E3E500DC25D5 /* pd3.tiff */ = {isa = PBXFileReference; lastKnownFileType = image.tiff; name = pd3.tiff; path = Projects/files/breakaway/resources/images/menuExtra/statusIconAnimations/pd3.tiff; sourceTree = SYSTEM_DEVELOPER_DIR; };
		0AD6475D1384E3E500DC25D5 /* pd4.tiff */ = {isa = PBXFileReference; lastKnownFileType = image.tiff; name = pd4.tiff; path = Projects/files/breakaway/resources/images/menuExtra/statusIconAnimations/pd4.tiff; sourceTree = SYSTEM_DEVELOPER_DIR; };
		0AD6475E1384E3E500DC25D5 /* pd5.tiff */ = {isa = PBXFileReference; lastKnownFileType = image.tiff; name = pd5.tiff; path = Projects/files/breakaway/resources/images/menuExtra/statusIconAnimations/pd5.tiff; sourceTree = SYSTEM_DEVELOPER_DIR; };
		0AD6475F1384E3E500DC25D5 /* pd6.tiff */ = {isa = PBXFileReference; lastKnownFileType = image.tiff; name = pd6.tiff; path = Projects/files/breakaway/resources/images/menuExtra/statusIconAnimations/pd6.tiff; sourceTree = SYSTEM_DEVELOPER_DIR; };
		0AD647601384E3E500DC25D5 /* plugged.tiff */ = {isa = PBXFileReference; lastKnownFileType = image.tiff; name = plugged.tiff; path = Projects/files/breakaway/resources/images/menuExtra/statusIconAnimations/plugged.tiff; sourceTree = SYSTEM_DEVELOPER_DIR; };
		0AD647611384E3E500DC25D5 /* pu1.tiff */ = {isa = PBXFileReference; lastKnownFileType = image.tiff; name = pu1.tiff; path = Projects/files/breakaway/resources/images/menuExtra/statusIconAnimations/pu1.tiff; sourceTree = SYSTEM_DEVELOPER_DIR; };
		0AD647621384E3E500DC25D5 /* pu2.tiff */ = {isa = PBXFileReference; lastKnownFileType = image.tiff; name = pu2.tiff; path = Projects/files/breakaway/resources/images/menuExtra/statusIconAnimations/pu2.tiff; sourceTree = SYSTEM_DEVELOPER_DIR; };
		0AD647631384E3E500DC25D5 /* pu3.tiff */ = {isa = PBXFileReference; lastKnownFileType = image.tiff; name = pu3.tiff; path = Projects/files/breakaway/resources/images/menuExtra/statusIconAnimations/pu3.tiff; sourceTree = SYSTEM_DEVELOPER_DIR; };
		0AD647641384E3E500DC25D5 /* pu4.tiff */ = {isa = PBXFileReference; lastKnownFileType = image.tiff; name = pu4.tiff; path = Projects/files/breakaway/resources/images/menuExtra/statusIconAnimations/pu4.tiff; sourceTree = SYSTEM_DEVELOPER_DIR; };
		0AD647651384E3E500DC25D5 /* pu5.tiff */ = {isa = PBXFileReference; lastKnownFileType = image.tiff; name = pu5.tiff; path = Projects/files/breakaway/resources/images/menuExtra/statusIconAnimations/pu5.tiff; sourceTree = SYSTEM_DEVELOPER_DIR; };
		0AD647661384E3E500DC25D5 /* pu6.tiff */ = {isa = PBXFileReference; lastKnownFileType = image.tiff; name = pu6.tiff; path = Projects/files/breakaway/resources/images/menuExtra/statusIconAnimations/pu6.tiff; sourceTree = SYSTEM_DEVELOPER_DIR; };
		0AD647671384E3E500DC25D5 /* ud1.tiff */ = {isa = PBXFileReference; lastKnownFileType = image.tiff; name = ud1.tiff; path = Projects/files/breakaway/resources/images/menuExtra/statusIconAnimations/ud1.tiff; sourceTree = SYSTEM_DEVELOPER_DIR; };
		0AD647681384E3E500DC25D5 /* ud2.tiff */ = {isa = PBXFileReference; lastKnownFileType = image.tiff; name = ud2.tiff; path = Projects/files/breakaway/resources/images/menuExtra/statusIconAnimations/ud2.tiff; sourceTree = SYSTEM_DEVELOPER_DIR; };
		0AD647691384E3E500DC25D5 /* ud3.tiff */ = {isa = PBXFileReference; lastKnownFileType = image.tiff; name = ud3.tiff; path = Projects/files/breakaway/resources/images/menuExtra/statusIconAnimations/ud3.tiff; sourceTree = SYSTEM_DEVELOPER_DIR; };
		0AD6476A1384E3E500DC25D5 /* ud4.tiff */ = {isa = PBXFileReference; lastKnownFileType = image.tiff; name = ud4.tiff; path = Projects/files/breakaway/resources/images/menuExtra/statusIconAnimations/ud4.tiff; sourceTree = SYSTEM_DEVELOPER_DIR; };
		0AD6476B1384E3E500DC25D5 /* ud5.tiff */ = {isa = PBXFileReference; lastKnownFileType = image.tiff; name = ud5.tiff; path = Projects/files/breakaway/resources/images/menuExtra/statusIconAnimations/ud5.tiff; sourceTree = SYSTEM_DEVELOPER_DIR; };
		0AD6476C1384E3E500DC25D5 /* ud6.tiff */ = {isa = PBXFileReference; lastKnownFileType = image.tiff; name = ud6.tiff; path = Projects/files/breakaway/resources/images/menuExtra/statusIconAnimations/ud6.tiff; sourceTree = SYSTEM_DEVELOPER_DIR; };
		0AD6476D1384E3E500DC25D5 /* unplugged.tiff */ = {isa = PBXFileReference; lastKnownFileType = image.tiff; name = unplugged.tiff; path = Projects/files/breakaway/resources/images/menuExtra/statusIconAnimations/unplugged.tiff; sourceTree = SYSTEM_DEVELOPER_DIR; };
		0ADE95D9136BE3020045CCB5 /* AIiTunesPlugin.h */ = {isa = PBXFileReference; fileEncoding = 4; lastKnownFileType = sourcecode.c.h; name = AIiTunesPlugin.h; path = Projects/files/breakaway/src/AIiTunesPlugin.h; sourceTree = SYSTEM_DEVELOPER_DIR; };
		0ADE95DA136BE3020045CCB5 /* AIiTunesPlugin.m */ = {isa = PBXFileReference; fileEncoding = 4; lastKnownFileType = sourcecode.c.objc; name = AIiTunesPlugin.m; path = Projects/files/breakaway/src/AIiTunesPlugin.m; sourceTree = SYSTEM_DEVELOPER_DIR; };
		0ADE95E5136BE34C0045CCB5 /* iTunes Plugin.plugin */ = {isa = PBXFileReference; explicitFileType = wrapper.cfbundle; includeInIndex = 0; path = "iTunes Plugin.plugin"; sourceTree = BUILT_PRODUCTS_DIR; };
		0ADE95E6136BE34C0045CCB5 /* iTunes Plugin-Info.plist */ = {isa = PBXFileReference; lastKnownFileType = text.plist.xml; name = "iTunes Plugin-Info.plist"; path = "Projects/files/breakaway/resources/plugins/iTunes Plugin-Info.plist"; sourceTree = SYSTEM_DEVELOPER_DIR; };
		0AF2CF961375D47C00BB5865 /* SharedBreakaway.h */ = {isa = PBXFileReference; fileEncoding = 4; lastKnownFileType = sourcecode.c.h; name = SharedBreakaway.h; path = Projects/files/breakaway/src/SharedBreakaway.h; sourceTree = SYSTEM_DEVELOPER_DIR; };
		0AF2CF971375D47C00BB5865 /* SharedBreakaway.m */ = {isa = PBXFileReference; fileEncoding = 4; lastKnownFileType = sourcecode.c.objc; name = SharedBreakaway.m; path = Projects/files/breakaway/src/SharedBreakaway.m; sourceTree = SYSTEM_DEVELOPER_DIR; };
		0AF2D0231376443200BB5865 /* AIToolbarItem.h */ = {isa = PBXFileReference; fileEncoding = 4; lastKnownFileType = sourcecode.c.h; name = AIToolbarItem.h; path = Projects/files/breakaway/src/AIToolbarItem.h; sourceTree = SYSTEM_DEVELOPER_DIR; };
		0AF2D0241376443200BB5865 /* AIToolbarItem.m */ = {isa = PBXFileReference; fileEncoding = 4; lastKnownFileType = sourcecode.c.objc; name = AIToolbarItem.m; path = Projects/files/breakaway/src/AIToolbarItem.m; sourceTree = SYSTEM_DEVELOPER_DIR; };
		0AF2D181137667E400BB5865 /* AIPluginController.h */ = {isa = PBXFileReference; fileEncoding = 4; lastKnownFileType = sourcecode.c.h; name = AIPluginController.h; path = Projects/files/breakaway/src/AIPluginController.h; sourceTree = SYSTEM_DEVELOPER_DIR; };
		0AF2D182137667E400BB5865 /* AIPluginController.m */ = {isa = PBXFileReference; fileEncoding = 4; lastKnownFileType = sourcecode.c.objc; name = AIPluginController.m; path = Projects/files/breakaway/src/AIPluginController.m; sourceTree = SYSTEM_DEVELOPER_DIR; };
		0AF2D340137782E600BB5865 /* iTunes.png */ = {isa = PBXFileReference; lastKnownFileType = image.png; name = iTunes.png; path = Projects/files/breakaway/resources/plugins/iTunes.png; sourceTree = SYSTEM_DEVELOPER_DIR; };
		0AF2D38A13778A8100BB5865 /* NSTextFieldCell+VertCentering.h */ = {isa = PBXFileReference; fileEncoding = 4; lastKnownFileType = sourcecode.c.h; name = "NSTextFieldCell+VertCentering.h"; path = "Projects/files/breakaway/src/NSTextFieldCell+VertCentering.h"; sourceTree = SYSTEM_DEVELOPER_DIR; };
		0AF2D38B13778A8100BB5865 /* NSTextFieldCell+VertCentering.m */ = {isa = PBXFileReference; fileEncoding = 4; lastKnownFileType = sourcecode.c.objc; name = "NSTextFieldCell+VertCentering.m"; path = "Projects/files/breakaway/src/NSTextFieldCell+VertCentering.m"; sourceTree = SYSTEM_DEVELOPER_DIR; };
		0AF2D3AC1377959100BB5865 /* VLCPlugin.xib */ = {isa = PBXFileReference; lastKnownFileType = file.xib; name = VLCPlugin.xib; path = Projects/files/breakaway/resources/plugins/VLCPlugin.xib; sourceTree = SYSTEM_DEVELOPER_DIR; };
		0AF2D3AF137795AB00BB5865 /* AppleScriptPlugin.xib */ = {isa = PBXFileReference; lastKnownFileType = file.xib; name = AppleScriptPlugin.xib; path = Projects/files/breakaway/resources/plugins/AppleScriptPlugin.xib; sourceTree = SYSTEM_DEVELOPER_DIR; };
		0AF2D3B3137795BC00BB5865 /* English */ = {isa = PBXFileReference; lastKnownFileType = file.xib; name = English; path = Projects/files/breakaway/resources/English.lproj/MainMenu.xib; sourceTree = SYSTEM_DEVELOPER_DIR; };
		0AF2D3B7137795C800BB5865 /* English */ = {isa = PBXFileReference; lastKnownFileType = file.xib; name = English; path = Projects/files/breakaway/resources/English.lproj/Preferences.xib; sourceTree = SYSTEM_DEVELOPER_DIR; };
		0AF44E370B1229D0007163FE /* COPYING */ = {isa = PBXFileReference; lastKnownFileType = text; path = COPYING; sourceTree = "<group>"; };
		1058C7A1FEA54F0111CA2CBB /* Cocoa.framework */ = {isa = PBXFileReference; lastKnownFileType = wrapper.framework; name = Cocoa.framework; path = /System/Library/Frameworks/Cocoa.framework; sourceTree = "<absolute>"; };
		29B97324FDCFA39411CA2CEA /* AppKit.framework */ = {isa = PBXFileReference; lastKnownFileType = wrapper.framework; name = AppKit.framework; path = /System/Library/Frameworks/AppKit.framework; sourceTree = "<absolute>"; };
		29B97325FDCFA39411CA2CEA /* Foundation.framework */ = {isa = PBXFileReference; lastKnownFileType = wrapper.framework; name = Foundation.framework; path = /System/Library/Frameworks/Foundation.framework; sourceTree = "<absolute>"; };
		8D1107310486CEB800E47090 /* Info.plist */ = {isa = PBXFileReference; fileEncoding = 4; lastKnownFileType = text.plist.xml; name = Info.plist; path = resources/Info.plist; sourceTree = "<group>"; };
		8D1107320486CEB800E47090 /* Breakaway.app */ = {isa = PBXFileReference; explicitFileType = wrapper.application; includeInIndex = 0; path = Breakaway.app; sourceTree = BUILT_PRODUCTS_DIR; };
/* End PBXFileReference section */

/* Begin PBXFrameworksBuildPhase section */
		0A55C4860E36D7C200347DB7 /* Frameworks */ = {
			isa = PBXFrameworksBuildPhase;
			buildActionMask = 2147483647;
			files = (
			);
			runOnlyForDeploymentPostprocessing = 0;
		};
		0A9C81BE0E21CA62001B29F6 /* Frameworks */ = {
			isa = PBXFrameworksBuildPhase;
			buildActionMask = 2147483647;
			files = (
				0A9C81C80E21CAAD001B29F6 /* Cocoa.framework in Frameworks */,
			);
			runOnlyForDeploymentPostprocessing = 0;
		};
		0ADE95E3136BE34C0045CCB5 /* Frameworks */ = {
			isa = PBXFrameworksBuildPhase;
			buildActionMask = 2147483647;
			files = (
				0ADE9636136BE7B70045CCB5 /* ScriptingBridge.framework in Frameworks */,
				0ADE981A136CCC480045CCB5 /* Growl.framework in Frameworks */,
			);
			runOnlyForDeploymentPostprocessing = 0;
		};
		8D11072E0486CEB800E47090 /* Frameworks */ = {
			isa = PBXFrameworksBuildPhase;
			buildActionMask = 2147483647;
			files = (
				0AA225E610F98E6100401B7A /* ScriptingBridge.framework in Frameworks */,
				0AA225E710F98E6200401B7A /* Cocoa.framework in Frameworks */,
				0AA225E810F98E6300401B7A /* CoreAudio.framework in Frameworks */,
				0AE1AF15136AFFB80085D686 /* Growl.framework in Frameworks */,
				0AE1AF16136AFFB80085D686 /* Sparkle.framework in Frameworks */,
			);
			runOnlyForDeploymentPostprocessing = 0;
		};
/* End PBXFrameworksBuildPhase section */

/* Begin PBXGroup section */
		080E96DDFE201D6D7F000001 /* Classes */ = {
			isa = PBXGroup;
			children = (
				0AF2D38A13778A8100BB5865 /* NSTextFieldCell+VertCentering.h */,
				0AF2D38B13778A8100BB5865 /* NSTextFieldCell+VertCentering.m */,
				0ACA9C320B0D297F00610F2A /* DebugUtils.h */,
				0A061BCD10F7CCD900E88056 /* iTunesBridge.h */,
				0A12438412B03D0800A0CC48 /* VLCBridge.h */,
				0A061D6510F855DC00E88056 /* defines.h */,
				0A061D7D10F8580B00E88056 /* defines.m */,
				0AF2CF961375D47C00BB5865 /* SharedBreakaway.h */,
				0AF2CF971375D47C00BB5865 /* SharedBreakaway.m */,
				0A4D7FE310FE728700850E00 /* Private Sparkle Headers */,
				0A061D7810F8580B00E88056 /* AppController.h */,
				0A061D7910F8580B00E88056 /* AppController.m */,
				0A061D7410F8580B00E88056 /* AIPluginSelector.h */,
				0A061D7510F8580B00E88056 /* AIPluginSelector.m */,
				0A061D7E10F8580B00E88056 /* GrowlNotifier.h */,
				0A061D7F10F8580B00E88056 /* GrowlNotifier.m */,
				0A061D4810F84D5C00E88056 /* Preferences */,
			);
			name = Classes;
			sourceTree = "<group>";
		};
		0A061D4810F84D5C00E88056 /* Preferences */ = {
			isa = PBXGroup;
			children = (
				0A061D8210F8580B00E88056 /* PreferenceHandler.h */,
				0A061D8310F8580B00E88056 /* PreferenceHandler.m */,
				0AF2D181137667E400BB5865 /* AIPluginController.h */,
				0AF2D182137667E400BB5865 /* AIPluginController.m */,
				0A061D8410F8580B00E88056 /* PreferencesController.h */,
				0A061D8510F8580B00E88056 /* PreferencesController.m */,
				0AF2D0231376443200BB5865 /* AIToolbarItem.h */,
				0AF2D0241376443200BB5865 /* AIToolbarItem.m */,
			);
			name = Preferences;
			sourceTree = "<group>";
		};
		0A061E1410F8593800E88056 /* English.lproj */ = {
			isa = PBXGroup;
			children = (
				0AF2D3B2137795BC00BB5865 /* MainMenu.xib */,
				0AF2D3B6137795C800BB5865 /* Preferences.xib */,
			);
			name = English.lproj;
			path = resources/English.lproj;
			sourceTree = "<group>";
		};
		0A4D7FE310FE728700850E00 /* Private Sparkle Headers */ = {
			isa = PBXGroup;
			children = (
				0A4D7FE410FE735E00850E00 /* SUHost.h */,
				0A4D7FE510FE735E00850E00 /* SUSystemProfiler.h */,
			);
			name = "Private Sparkle Headers";
			sourceTree = "<group>";
		};
		0A55C4770E36D77400347DB7 /* VLC Plugin */ = {
			isa = PBXGroup;
			children = (
				0A061E3310F859C200E88056 /* vlcPlaying */,
				0A061E3210F859C200E88056 /* VLC Plugin-Info.plist */,
				0AF2D3AC1377959100BB5865 /* VLCPlugin.xib */,
				0A061D7610F8580B00E88056 /* AIVLCPlugin.h */,
				0A061D7710F8580B00E88056 /* AIVLCPlugin.m */,
			);
			name = "VLC Plugin";
			sourceTree = "<group>";
		};
		0A55C48F0E36D7FF00347DB7 /* Plugins */ = {
			isa = PBXGroup;
			children = (
				0A061D7210F8580B00E88056 /* AIPluginControllerProtocol.h */,
				0A061D7310F8580B00E88056 /* AIPluginProtocol.h */,
				0ADE95D8136BE2D70045CCB5 /* iTunes Plugin */,
				0A55C4770E36D77400347DB7 /* VLC Plugin */,
				0A9C81B70E21C87D001B29F6 /* AppleScript Plugin */,
			);
			name = Plugins;
			sourceTree = "<group>";
		};
		0A83B35C0E55AC6A00B2227C /* Resources */ = {
			isa = PBXGroup;
			children = (
				0A9C81C10E21CA62001B29F6 /* AppleScript Plugin-Info.plist */,
				0AF2D3AF137795AB00BB5865 /* AppleScriptPlugin.xib */,
			);
			name = Resources;
			sourceTree = "<group>";
		};
		0A83B35D0E55AC7D00B2227C /* Source */ = {
			isa = PBXGroup;
			children = (
				0A061D6E10F8580B00E88056 /* AIAppleScriptPluginController.h */,
				0A061D6F10F8580B00E88056 /* AIAppleScriptPluginController.m */,
				0A061D6C10F8580B00E88056 /* AIAppleScriptPlugin.h */,
				0A061D6D10F8580B00E88056 /* AIAppleScriptPlugin.m */,
				0A061D7010F8580B00E88056 /* AIDropWell.h */,
				0A061D7110F8580B00E88056 /* AIDropWell.m */,
			);
			name = Source;
			sourceTree = "<group>";
		};
		0A9C81B70E21C87D001B29F6 /* AppleScript Plugin */ = {
			isa = PBXGroup;
			children = (
				0A83B35D0E55AC7D00B2227C /* Source */,
				0A83B35C0E55AC6A00B2227C /* Resources */,
			);
			name = "AppleScript Plugin";
			sourceTree = "<group>";
		};
		0AA225F510F994B300401B7A /* images */ = {
			isa = PBXGroup;
			children = (
				0AA225F710F994B300401B7A /* menuExtra */,
				0AA225FB10F994B400401B7A /* old */,
				0AA225FE10F994B400401B7A /* ui */,
			);
			name = images;
			path = resources/images;
			sourceTree = "<group>";
		};
		0AA225F710F994B300401B7A /* menuExtra */ = {
			isa = PBXGroup;
			children = (
				0AD647581384E3E500DC25D5 /* statusIconAnimations */,
				0AA225F810F994B300401B7A /* connected.png */,
				0AA225F910F994B300401B7A /* disabled.png */,
				0AA225FA10F994B300401B7A /* disconnected.png */,
			);
			path = menuExtra;
			sourceTree = "<group>";
		};
		0AA225FB10F994B400401B7A /* old */ = {
			isa = PBXGroup;
			children = (
				0AA225FC10F994B400401B7A /* bg.psd */,
				0AA225FD10F994B400401B7A /* breakaway screenshot.png */,
			);
			path = old;
			sourceTree = "<group>";
		};
		0AA225FE10F994B400401B7A /* ui */ = {
			isa = PBXGroup;
			children = (
				0A2B1FFA10FC5B8E00D28890 /* update.tiff */,
				0AA225FF10F994B400401B7A /* 15BreakawayIcon.icns */,
				0AA2260010F994B400401B7A /* Add.tiff */,
				0AA2260110F994B400401B7A /* General Preferences.tiff */,
				0AA2260210F994B400401B7A /* Get Info.tiff */,
				0AA2260310F994B400401B7A /* icons */,
				0AA2261610F994B400401B7A /* Network Utility.tiff */,
				0AA2261710F994B400401B7A /* notfoundover.png */,
				0AA2261810F994B400401B7A /* plugins.png */,
				0AA2261910F994B400401B7A /* Power.tiff */,
				0AA2261A10F994B400401B7A /* Remove.tiff */,
				0AA2261B10F994B400401B7A /* Terminal.tiff */,
				0AA2261C10F994B400401B7A /* Users.tiff */,
			);
			path = ui;
			sourceTree = "<group>";
		};
		0AA2260310F994B400401B7A /* icons */ = {
			isa = PBXGroup;
			children = (
				0AA2260410F994B400401B7A /* fullSize menu icons */,
				0AA2260510F994B400401B7A /* icon.vdesigner */,
				0AA2260710F994B400401B7A /* src */,
			);
			path = icons;
			sourceTree = "<group>";
		};
		0AA2260410F994B400401B7A /* fullSize menu icons */ = {
			isa = PBXGroup;
			children = (
			);
			path = "fullSize menu icons";
			sourceTree = "<group>";
		};
		0AA2260510F994B400401B7A /* icon.vdesigner */ = {
			isa = PBXGroup;
			children = (
				0AA2260610F994B400401B7A /* QuickLook */,
			);
			path = icon.vdesigner;
			sourceTree = "<group>";
		};
		0AA2260610F994B400401B7A /* QuickLook */ = {
			isa = PBXGroup;
			children = (
			);
			path = QuickLook;
			sourceTree = "<group>";
		};
		0AA2260710F994B400401B7A /* src */ = {
			isa = PBXGroup;
			children = (
				0AA2260810F994B400401B7A /* 15BreakawayIcon.png */,
				0AA2260910F994B400401B7A /* fullSize menu icons */,
				0AA2260D10F994B400401B7A /* icon.icns */,
				0AA2260E10F994B400401B7A /* icon.vdesigner */,
				0AA2261310F994B400401B7A /* jack.png */,
				0AA2261410F994B400401B7A /* jack.psd */,
				0AA2261510F994B400401B7A /* oldIcon.icns */,
			);
			path = src;
			sourceTree = "<group>";
		};
		0AA2260910F994B400401B7A /* fullSize menu icons */ = {
			isa = PBXGroup;
			children = (
				0AA2260A10F994B400401B7A /* connected.png */,
				0AA2260B10F994B400401B7A /* disabled.png */,
				0AA2260C10F994B400401B7A /* disconnected.png */,
			);
			path = "fullSize menu icons";
			sourceTree = "<group>";
		};
		0AA2260E10F994B400401B7A /* icon.vdesigner */ = {
			isa = PBXGroup;
			children = (
				0AA2260F10F994B400401B7A /* QuickLook */,
				0AA2261210F994B400401B7A /* VectorDesigner */,
			);
			path = icon.vdesigner;
			sourceTree = "<group>";
		};
		0AA2260F10F994B400401B7A /* QuickLook */ = {
			isa = PBXGroup;
			children = (
				0AA2261010F994B400401B7A /* Preview.pdf */,
				0AA2261110F994B400401B7A /* Thumbnail.jpg */,
			);
			path = QuickLook;
			sourceTree = "<group>";
		};
		0AD0B2910B183C790021CC15 /* doc */ = {
			isa = PBXGroup;
			children = (
				0AC652EE11432FA20065C46E /* README */,
				0AF44E370B1229D0007163FE /* COPYING */,
				0A46114A0DF07425001A579C /* ChangeLog */,
			);
			name = doc;
			sourceTree = "<group>";
		};
		0AD647581384E3E500DC25D5 /* statusIconAnimations */ = {
			isa = PBXGroup;
			children = (
				0AD647591384E3E500DC25D5 /* disabled.tiff */,
				0AD6475A1384E3E500DC25D5 /* pd1.tiff */,
				0AD6475B1384E3E500DC25D5 /* pd2.tiff */,
				0AD6475C1384E3E500DC25D5 /* pd3.tiff */,
				0AD6475D1384E3E500DC25D5 /* pd4.tiff */,
				0AD6475E1384E3E500DC25D5 /* pd5.tiff */,
				0AD6475F1384E3E500DC25D5 /* pd6.tiff */,
				0AD647601384E3E500DC25D5 /* plugged.tiff */,
				0AD647611384E3E500DC25D5 /* pu1.tiff */,
				0AD647621384E3E500DC25D5 /* pu2.tiff */,
				0AD647631384E3E500DC25D5 /* pu3.tiff */,
				0AD647641384E3E500DC25D5 /* pu4.tiff */,
				0AD647651384E3E500DC25D5 /* pu5.tiff */,
				0AD647661384E3E500DC25D5 /* pu6.tiff */,
				0AD647671384E3E500DC25D5 /* ud1.tiff */,
				0AD647681384E3E500DC25D5 /* ud2.tiff */,
				0AD647691384E3E500DC25D5 /* ud3.tiff */,
				0AD6476A1384E3E500DC25D5 /* ud4.tiff */,
				0AD6476B1384E3E500DC25D5 /* ud5.tiff */,
				0AD6476C1384E3E500DC25D5 /* ud6.tiff */,
				0AD6476D1384E3E500DC25D5 /* unplugged.tiff */,
			);
			name = statusIconAnimations;
			path = Projects/files/breakaway/resources/images/menuExtra/statusIconAnimations;
			sourceTree = SYSTEM_DEVELOPER_DIR;
		};
		0ADE95D8136BE2D70045CCB5 /* iTunes Plugin */ = {
			isa = PBXGroup;
			children = (
				0AF2D340137782E600BB5865 /* iTunes.png */,
				0ADE95E6136BE34C0045CCB5 /* iTunes Plugin-Info.plist */,
				0AD644C813848B3C00DC25D5 /* iTunesPlugin.xib */,
				0ADE95D9136BE3020045CCB5 /* AIiTunesPlugin.h */,
				0ADE95DA136BE3020045CCB5 /* AIiTunesPlugin.m */,
			);
			name = "iTunes Plugin";
			sourceTree = "<group>";
		};
		1058C7A0FEA54F0111CA2CBB /* Linked Frameworks */ = {
			isa = PBXGroup;
			children = (
				1058C7A1FEA54F0111CA2CBB /* Cocoa.framework */,
				0A45732E0AFFD766007EBF43 /* CoreAudio.framework */,
				0A061AFB10F7C8C200E88056 /* ScriptingBridge.framework */,
				0AC67D860F0F2C7500196632 /* Growl.framework */,
				0AC67D870F0F2C7600196632 /* Sparkle.framework */,
			);
			name = "Linked Frameworks";
			sourceTree = "<group>";
		};
		1058C7A2FEA54F0111CA2CBB /* Other Frameworks */ = {
			isa = PBXGroup;
			children = (
				29B97324FDCFA39411CA2CEA /* AppKit.framework */,
				29B97325FDCFA39411CA2CEA /* Foundation.framework */,
			);
			name = "Other Frameworks";
			sourceTree = "<group>";
		};
		19C28FACFE9D520D11CA2CBB /* Products */ = {
			isa = PBXGroup;
			children = (
				8D1107320486CEB800E47090 /* Breakaway.app */,
				0A9C81C00E21CA62001B29F6 /* AppleScript Plugin.plugin */,
				0A55C4880E36D7C200347DB7 /* VLC Plugin.plugin */,
				0ADE95E5136BE34C0045CCB5 /* iTunes Plugin.plugin */,
			);
			name = Products;
			sourceTree = "<group>";
		};
		29B97314FDCFA39411CA2CEA /* Breakaway */ = {
			isa = PBXGroup;
			children = (
				080E96DDFE201D6D7F000001 /* Classes */,
				0A55C48F0E36D7FF00347DB7 /* Plugins */,
				29B97315FDCFA39411CA2CEA /* Other Sources */,
				0AD0B2910B183C790021CC15 /* doc */,
				29B97317FDCFA39411CA2CEA /* Resources */,
				29B97323FDCFA39411CA2CEA /* Frameworks */,
				19C28FACFE9D520D11CA2CBB /* Products */,
			);
			name = Breakaway;
			sourceTree = "<group>";
		};
		29B97315FDCFA39411CA2CEA /* Other Sources */ = {
			isa = PBXGroup;
			children = (
				0A061D7A10F8580B00E88056 /* Breakaway_Prefix.pch */,
				0A061D8110F8580B00E88056 /* main.m */,
			);
			name = "Other Sources";
			sourceTree = "<group>";
		};
		29B97317FDCFA39411CA2CEA /* Resources */ = {
			isa = PBXGroup;
			children = (
				0A2B1F5410FBDC6800D28890 /* dsa_pub.pem */,
				0AA225F510F994B300401B7A /* images */,
				0A061E1410F8593800E88056 /* English.lproj */,
				8D1107310486CEB800E47090 /* Info.plist */,
			);
			name = Resources;
			sourceTree = "<group>";
		};
		29B97323FDCFA39411CA2CEA /* Frameworks */ = {
			isa = PBXGroup;
			children = (
				1058C7A0FEA54F0111CA2CBB /* Linked Frameworks */,
				1058C7A2FEA54F0111CA2CBB /* Other Frameworks */,
			);
			name = Frameworks;
			sourceTree = "<group>";
		};
/* End PBXGroup section */

/* Begin PBXHeadersBuildPhase section */
		0A55C4C50E36EC5B00347DB7 /* Headers */ = {
			isa = PBXHeadersBuildPhase;
			buildActionMask = 2147483647;
			files = (
				0AA225BE10F98CFE00401B7A /* AIAppleScriptPluginController.h in Headers */,
				0AA225BF10F98D0100401B7A /* AIPluginProtocol.h in Headers */,
				0AA225C110F98D1000401B7A /* AIVLCPlugin.h in Headers */,
			);
			runOnlyForDeploymentPostprocessing = 0;
		};
		0A9C81CF0E21CB35001B29F6 /* Headers */ = {
			isa = PBXHeadersBuildPhase;
			buildActionMask = 2147483647;
			files = (
				0AA225C610F98D3000401B7A /* AIAppleScriptPlugin.h in Headers */,
				0AA225C810F98D3100401B7A /* AIAppleScriptPluginController.h in Headers */,
				0AA225CA10F98D3100401B7A /* AIDropWell.h in Headers */,
			);
			runOnlyForDeploymentPostprocessing = 0;
		};
		0A9C82270E21D2FD001B29F6 /* Headers */ = {
			isa = PBXHeadersBuildPhase;
			buildActionMask = 2147483647;
			files = (
				0A061BCE10F7CCD900E88056 /* iTunesBridge.h in Headers */,
				0A061D6610F855DC00E88056 /* defines.h in Headers */,
				0A061D8D10F8580B00E88056 /* AIPluginProtocol.h in Headers */,
				0A061D8E10F8580B00E88056 /* AIPluginSelector.h in Headers */,
				0A061D9210F8580B00E88056 /* AppController.h in Headers */,
				0A061D9410F8580B00E88056 /* Breakaway_Prefix.pch in Headers */,
				0A061D9810F8580B00E88056 /* GrowlNotifier.h in Headers */,
				0A061D9C10F8580B00E88056 /* PreferenceHandler.h in Headers */,
				0A061D9E10F8580B00E88056 /* PreferencesController.h in Headers */,
				0AA225CC10F98D8D00401B7A /* DebugUtils.h in Headers */,
				0A4D7FE610FE735E00850E00 /* SUHost.h in Headers */,
				0A4D7FE710FE735E00850E00 /* SUSystemProfiler.h in Headers */,
				0A12438512B03D0800A0CC48 /* VLCBridge.h in Headers */,
				0AF2CF981375D47C00BB5865 /* SharedBreakaway.h in Headers */,
				0AF2D0251376443200BB5865 /* AIToolbarItem.h in Headers */,
				0AF2D183137667E400BB5865 /* AIPluginController.h in Headers */,
				0AF2D38C13778A8100BB5865 /* NSTextFieldCell+VertCentering.h in Headers */,
			);
			runOnlyForDeploymentPostprocessing = 0;
		};
/* End PBXHeadersBuildPhase section */

/* Begin PBXNativeTarget section */
		0A55C4870E36D7C200347DB7 /* VLC Plugin */ = {
			isa = PBXNativeTarget;
			buildConfigurationList = 0A55C48E0E36D7C300347DB7 /* Build configuration list for PBXNativeTarget "VLC Plugin" */;
			buildPhases = (
				0A55C4840E36D7C200347DB7 /* Resources */,
				0A55C4850E36D7C200347DB7 /* Sources */,
				0A55C4860E36D7C200347DB7 /* Frameworks */,
				0A55C4C50E36EC5B00347DB7 /* Headers */,
			);
			buildRules = (
			);
			dependencies = (
			);
			name = "VLC Plugin";
			productName = "VLC Plugin";
			productReference = 0A55C4880E36D7C200347DB7 /* VLC Plugin.plugin */;
			productType = "com.apple.product-type.bundle";
		};
		0A9C81BF0E21CA62001B29F6 /* AppleScript Plugin */ = {
			isa = PBXNativeTarget;
			buildConfigurationList = 0A9C81C60E21CA62001B29F6 /* Build configuration list for PBXNativeTarget "AppleScript Plugin" */;
			buildPhases = (
				0A9C81CF0E21CB35001B29F6 /* Headers */,
				0A9C81BC0E21CA62001B29F6 /* Resources */,
				0A9C81BD0E21CA62001B29F6 /* Sources */,
				0A9C81BE0E21CA62001B29F6 /* Frameworks */,
			);
			buildRules = (
			);
			dependencies = (
			);
			name = "AppleScript Plugin";
			productName = "AppleScript Plugin";
			productReference = 0A9C81C00E21CA62001B29F6 /* AppleScript Plugin.plugin */;
			productType = "com.apple.product-type.bundle";
		};
		0ADE95E4136BE34C0045CCB5 /* iTunes Plugin */ = {
			isa = PBXNativeTarget;
			buildConfigurationList = 0ADE95EB136BE34D0045CCB5 /* Build configuration list for PBXNativeTarget "iTunes Plugin" */;
			buildPhases = (
				0ADE95E1136BE34C0045CCB5 /* Resources */,
				0ADE95E2136BE34C0045CCB5 /* Sources */,
				0ADE95E3136BE34C0045CCB5 /* Frameworks */,
			);
			buildRules = (
			);
			dependencies = (
			);
			name = "iTunes Plugin";
			productName = "iTunes Plugin";
			productReference = 0ADE95E5136BE34C0045CCB5 /* iTunes Plugin.plugin */;
			productType = "com.apple.product-type.bundle";
		};
		8D1107260486CEB800E47090 /* Breakaway */ = {
			isa = PBXNativeTarget;
			buildConfigurationList = C01FCF4A08A954540054247B /* Build configuration list for PBXNativeTarget "Breakaway" */;
			buildPhases = (
				0A9C82270E21D2FD001B29F6 /* Headers */,
				8D1107290486CEB800E47090 /* Resources */,
				8D11072C0486CEB800E47090 /* Sources */,
				8D11072E0486CEB800E47090 /* Frameworks */,
				0A2B1F4D10FBDB3100D28890 /* CopyFiles */,
				0AC65349114331DD0065C46E /* CopyFiles */,
			);
			buildRules = (
			);
			dependencies = (
				0ADE96DA136BEE9F0045CCB5 /* PBXTargetDependency */,
			);
			name = Breakaway;
			productInstallPath = "$(HOME)/Applications";
			productName = Breakaway;
			productReference = 8D1107320486CEB800E47090 /* Breakaway.app */;
			productType = "com.apple.product-type.application";
		};
/* End PBXNativeTarget section */

/* Begin PBXProject section */
		29B97313FDCFA39411CA2CEA /* Project object */ = {
			isa = PBXProject;
			attributes = {
				ORGANIZATIONNAME = MutableCode;
			};
			buildConfigurationList = C01FCF4E08A954540054247B /* Build configuration list for PBXProject "Breakaway" */;
			compatibilityVersion = "Xcode 2.4";
			developmentRegion = English;
			hasScannedForEncodings = 1;
			knownRegions = (
				English,
				Japanese,
				French,
				German,
				Test,
				Spanish,
				"Chinese (simplified)",
				zh_CN,
				Dutch,
			);
			mainGroup = 29B97314FDCFA39411CA2CEA /* Breakaway */;
			projectDirPath = "";
			projectRoot = "";
			targets = (
				8D1107260486CEB800E47090 /* Breakaway */,
				0A9C81BF0E21CA62001B29F6 /* AppleScript Plugin */,
				0A55C4870E36D7C200347DB7 /* VLC Plugin */,
				0ADE95E4136BE34C0045CCB5 /* iTunes Plugin */,
			);
		};
/* End PBXProject section */

/* Begin PBXResourcesBuildPhase section */
		0A55C4840E36D7C200347DB7 /* Resources */ = {
			isa = PBXResourcesBuildPhase;
			buildActionMask = 2147483647;
			files = (
				0AF2D3AD1377959100BB5865 /* VLCPlugin.xib in Resources */,
			);
			runOnlyForDeploymentPostprocessing = 0;
		};
		0A9C81BC0E21CA62001B29F6 /* Resources */ = {
			isa = PBXResourcesBuildPhase;
			buildActionMask = 2147483647;
			files = (
				0AF2D3B0137795AB00BB5865 /* AppleScriptPlugin.xib in Resources */,
			);
			runOnlyForDeploymentPostprocessing = 0;
		};
		0ADE95E1136BE34C0045CCB5 /* Resources */ = {
			isa = PBXResourcesBuildPhase;
			buildActionMask = 2147483647;
			files = (
				0AD644C913848B3C00DC25D5 /* iTunesPlugin.xib in Resources */,
			);
			runOnlyForDeploymentPostprocessing = 0;
		};
		8D1107290486CEB800E47090 /* Resources */ = {
			isa = PBXResourcesBuildPhase;
			buildActionMask = 2147483647;
			files = (
				0AF44E380B1229D0007163FE /* COPYING in Resources */,
				0A46114C0DF07425001A579C /* ChangeLog in Resources */,
				0AA2262210F994B400401B7A /* 15BreakawayIcon.icns in Resources */,
				0AA2262310F994B400401B7A /* Add.tiff in Resources */,
				0AA2262410F994B400401B7A /* General Preferences.tiff in Resources */,
				0AA2262510F994B400401B7A /* Get Info.tiff in Resources */,
				0AA2263110F994B400401B7A /* Network Utility.tiff in Resources */,
				0AA2263210F994B400401B7A /* notfoundover.png in Resources */,
				0AA2263310F994B400401B7A /* plugins.png in Resources */,
				0AA2263410F994B400401B7A /* Power.tiff in Resources */,
				0AA2263510F994B400401B7A /* Remove.tiff in Resources */,
				0AA2263710F994B400401B7A /* Users.tiff in Resources */,
				0A2B1F5510FBDC6800D28890 /* dsa_pub.pem in Resources */,
				0A2B1FFB10FC5B8E00D28890 /* update.tiff in Resources */,
				0AC652EF11432FA20065C46E /* README in Resources */,
				0AF2D341137782E600BB5865 /* iTunes.png in Resources */,
				0AF2D3B4137795BC00BB5865 /* MainMenu.xib in Resources */,
				0AF2D3B8137795C800BB5865 /* Preferences.xib in Resources */,
				0AD6476E1384E3E500DC25D5 /* disabled.tiff in Resources */,
				0AD6476F1384E3E500DC25D5 /* pd1.tiff in Resources */,
				0AD647701384E3E500DC25D5 /* pd2.tiff in Resources */,
				0AD647711384E3E500DC25D5 /* pd3.tiff in Resources */,
				0AD647721384E3E500DC25D5 /* pd4.tiff in Resources */,
				0AD647731384E3E500DC25D5 /* pd5.tiff in Resources */,
				0AD647741384E3E500DC25D5 /* pd6.tiff in Resources */,
				0AD647751384E3E500DC25D5 /* plugged.tiff in Resources */,
				0AD647761384E3E500DC25D5 /* pu1.tiff in Resources */,
				0AD647771384E3E500DC25D5 /* pu2.tiff in Resources */,
				0AD647781384E3E500DC25D5 /* pu3.tiff in Resources */,
				0AD647791384E3E500DC25D5 /* pu4.tiff in Resources */,
				0AD6477A1384E3E500DC25D5 /* pu5.tiff in Resources */,
				0AD6477B1384E3E500DC25D5 /* pu6.tiff in Resources */,
				0AD6477C1384E3E500DC25D5 /* ud1.tiff in Resources */,
				0AD6477D1384E3E500DC25D5 /* ud2.tiff in Resources */,
				0AD6477E1384E3E500DC25D5 /* ud3.tiff in Resources */,
				0AD6477F1384E3E500DC25D5 /* ud4.tiff in Resources */,
				0AD647801384E3E500DC25D5 /* ud5.tiff in Resources */,
				0AD647811384E3E500DC25D5 /* ud6.tiff in Resources */,
				0AD647821384E3E500DC25D5 /* unplugged.tiff in Resources */,
			);
			runOnlyForDeploymentPostprocessing = 0;
		};
/* End PBXResourcesBuildPhase section */

/* Begin PBXSourcesBuildPhase section */
		0A55C4850E36D7C200347DB7 /* Sources */ = {
			isa = PBXSourcesBuildPhase;
			buildActionMask = 2147483647;
			files = (
				0AA225C010F98D0E00401B7A /* AIVLCPlugin.m in Sources */,
			);
			runOnlyForDeploymentPostprocessing = 0;
		};
		0A9C81BD0E21CA62001B29F6 /* Sources */ = {
			isa = PBXSourcesBuildPhase;
			buildActionMask = 2147483647;
			files = (
				0AA225C510F98D2D00401B7A /* AIAppleScriptPlugin.m in Sources */,
				0AA225C710F98D3000401B7A /* AIDropWell.m in Sources */,
				0AA225C910F98D3100401B7A /* AIAppleScriptPluginController.m in Sources */,
			);
			runOnlyForDeploymentPostprocessing = 0;
		};
		0ADE95E2136BE34C0045CCB5 /* Sources */ = {
			isa = PBXSourcesBuildPhase;
			buildActionMask = 2147483647;
			files = (
				0ADE9612136BE6950045CCB5 /* AIiTunesPlugin.m in Sources */,
			);
			runOnlyForDeploymentPostprocessing = 0;
		};
		8D11072C0486CEB800E47090 /* Sources */ = {
			isa = PBXSourcesBuildPhase;
			buildActionMask = 2147483647;
			files = (
				0A061D8F10F8580B00E88056 /* AIPluginSelector.m in Sources */,
				0A061D9310F8580B00E88056 /* AppController.m in Sources */,
				0A061D9710F8580B00E88056 /* defines.m in Sources */,
				0A061D9910F8580B00E88056 /* GrowlNotifier.m in Sources */,
				0A061D9B10F8580B00E88056 /* main.m in Sources */,
				0A061D9D10F8580B00E88056 /* PreferenceHandler.m in Sources */,
				0A061D9F10F8580B00E88056 /* PreferencesController.m in Sources */,
				0AF2CF991375D47C00BB5865 /* SharedBreakaway.m in Sources */,
				0AF2D0261376443200BB5865 /* AIToolbarItem.m in Sources */,
				0AF2D184137667E400BB5865 /* AIPluginController.m in Sources */,
				0AF2D3A313778B1500BB5865 /* NSTextFieldCell+VertCentering.m in Sources */,
			);
			runOnlyForDeploymentPostprocessing = 0;
		};
/* End PBXSourcesBuildPhase section */

/* Begin PBXTargetDependency section */
		0ADE96DA136BEE9F0045CCB5 /* PBXTargetDependency */ = {
			isa = PBXTargetDependency;
			target = 0ADE95E4136BE34C0045CCB5 /* iTunes Plugin */;
			targetProxy = 0ADE96D9136BEE9F0045CCB5 /* PBXContainerItemProxy */;
		};
/* End PBXTargetDependency section */

/* Begin PBXVariantGroup section */
		0AF2D3B2137795BC00BB5865 /* MainMenu.xib */ = {
			isa = PBXVariantGroup;
			children = (
				0AF2D3B3137795BC00BB5865 /* English */,
			);
			name = MainMenu.xib;
			path = ../..;
			sourceTree = "<group>";
		};
		0AF2D3B6137795C800BB5865 /* Preferences.xib */ = {
			isa = PBXVariantGroup;
			children = (
				0AF2D3B7137795C800BB5865 /* English */,
			);
			name = Preferences.xib;
			path = ../..;
			sourceTree = "<group>";
		};
/* End PBXVariantGroup section */

/* Begin XCBuildConfiguration section */
		0A55C48A0E36D7C300347DB7 /* Debug */ = {
			isa = XCBuildConfiguration;
			buildSettings = {
				COPY_PHASE_STRIP = NO;
				GCC_DYNAMIC_NO_PIC = NO;
				GCC_ENABLE_FIX_AND_CONTINUE = YES;
				GCC_MODEL_TUNING = G5;
				GCC_OPTIMIZATION_LEVEL = 0;
				GCC_PRECOMPILE_PREFIX_HEADER = YES;
				GCC_PREFIX_HEADER = "$(SYSTEM_LIBRARY_DIR)/Frameworks/AppKit.framework/Headers/AppKit.h";
				INFOPLIST_FILE = "resources/plugins/VLC Plugin-Info.plist";
				INSTALL_PATH = "$(HOME)/Library/Bundles";
				OTHER_LDFLAGS = (
					"-framework",
					Foundation,
					"-framework",
					AppKit,
				);
				PREBINDING = NO;
				PRODUCT_NAME = "VLC Plugin";
				RUN_CLANG_STATIC_ANALYZER = YES;
				WRAPPER_EXTENSION = plugin;
				ZERO_LINK = YES;
			};
			name = Debug;
		};
		0A55C48B0E36D7C300347DB7 /* Debug (no Logs) */ = {
			isa = XCBuildConfiguration;
			buildSettings = {
				GCC_ENABLE_FIX_AND_CONTINUE = YES;
				GCC_MODEL_TUNING = G5;
				GCC_PRECOMPILE_PREFIX_HEADER = YES;
				GCC_PREFIX_HEADER = "$(SYSTEM_LIBRARY_DIR)/Frameworks/AppKit.framework/Headers/AppKit.h";
				INFOPLIST_FILE = "resources/plugins/VLC Plugin-Info.plist";
				INSTALL_PATH = "$(HOME)/Library/Bundles";
				OTHER_LDFLAGS = (
					"-framework",
					Foundation,
					"-framework",
					AppKit,
				);
				PREBINDING = NO;
				PRODUCT_NAME = "VLC Plugin";
				RUN_CLANG_STATIC_ANALYZER = YES;
				WRAPPER_EXTENSION = plugin;
				ZERO_LINK = YES;
			};
			name = "Debug (no Logs)";
		};
		0A55C48C0E36D7C300347DB7 /* Release */ = {
			isa = XCBuildConfiguration;
			buildSettings = {
				COPY_PHASE_STRIP = YES;
				DEBUG_INFORMATION_FORMAT = "dwarf-with-dsym";
				GCC_ENABLE_FIX_AND_CONTINUE = NO;
				GCC_MODEL_TUNING = G5;
				GCC_PRECOMPILE_PREFIX_HEADER = YES;
				GCC_PREFIX_HEADER = "$(SYSTEM_LIBRARY_DIR)/Frameworks/AppKit.framework/Headers/AppKit.h";
				INFOPLIST_FILE = "resources/plugins/VLC Plugin-Info.plist";
				INSTALL_PATH = "$(HOME)/Library/Bundles";
				OTHER_LDFLAGS = (
					"-framework",
					Foundation,
					"-framework",
					AppKit,
				);
				PREBINDING = NO;
				PRODUCT_NAME = "VLC Plugin";
				RUN_CLANG_STATIC_ANALYZER = YES;
				WRAPPER_EXTENSION = plugin;
				ZERO_LINK = NO;
			};
			name = Release;
		};
		0A55C48D0E36D7C300347DB7 /* Release (Logs) */ = {
			isa = XCBuildConfiguration;
			buildSettings = {
				GCC_ENABLE_FIX_AND_CONTINUE = YES;
				GCC_MODEL_TUNING = G5;
				GCC_PRECOMPILE_PREFIX_HEADER = YES;
				GCC_PREFIX_HEADER = "$(SYSTEM_LIBRARY_DIR)/Frameworks/AppKit.framework/Headers/AppKit.h";
				INFOPLIST_FILE = "resources/plugins/VLC Plugin-Info.plist";
				INSTALL_PATH = "$(HOME)/Library/Bundles";
				OTHER_LDFLAGS = (
					"-framework",
					Foundation,
					"-framework",
					AppKit,
				);
				PREBINDING = NO;
				PRODUCT_NAME = "VLC Plugin";
				RUN_CLANG_STATIC_ANALYZER = YES;
				WRAPPER_EXTENSION = plugin;
				ZERO_LINK = YES;
			};
			name = "Release (Logs)";
		};
		0A9C81C20E21CA62001B29F6 /* Debug */ = {
			isa = XCBuildConfiguration;
			buildSettings = {
				COPY_PHASE_STRIP = NO;
				GCC_DYNAMIC_NO_PIC = NO;
				GCC_ENABLE_FIX_AND_CONTINUE = YES;
				GCC_MODEL_TUNING = G5;
				GCC_OPTIMIZATION_LEVEL = 0;
				GCC_PRECOMPILE_PREFIX_HEADER = YES;
				GCC_PREFIX_HEADER = "$(SYSTEM_LIBRARY_DIR)/Frameworks/AppKit.framework/Headers/AppKit.h";
				INFOPLIST_FILE = "resources/plugins/AppleScript Plugin-Info.plist";
				INSTALL_PATH = "$(HOME)/Library/Bundles";
				OTHER_LDFLAGS = (
					"-framework",
					Foundation,
					"-framework",
					AppKit,
				);
				PREBINDING = NO;
				PRODUCT_NAME = "AppleScript Plugin";
				RUN_CLANG_STATIC_ANALYZER = YES;
				WRAPPER_EXTENSION = plugin;
				ZERO_LINK = YES;
			};
			name = Debug;
		};
		0A9C81C30E21CA62001B29F6 /* Debug (no Logs) */ = {
			isa = XCBuildConfiguration;
			buildSettings = {
				GCC_ENABLE_FIX_AND_CONTINUE = YES;
				GCC_MODEL_TUNING = G5;
				GCC_PRECOMPILE_PREFIX_HEADER = YES;
				GCC_PREFIX_HEADER = "$(SYSTEM_LIBRARY_DIR)/Frameworks/AppKit.framework/Headers/AppKit.h";
				INFOPLIST_FILE = "resources/plugins/AppleScript Plugin-Info.plist";
				INSTALL_PATH = "$(HOME)/Library/Bundles";
				OTHER_LDFLAGS = (
					"-framework",
					Foundation,
					"-framework",
					AppKit,
				);
				PREBINDING = NO;
				PRODUCT_NAME = "AppleScript Plugin";
				RUN_CLANG_STATIC_ANALYZER = YES;
				WRAPPER_EXTENSION = plugin;
				ZERO_LINK = YES;
			};
			name = "Debug (no Logs)";
		};
		0A9C81C40E21CA62001B29F6 /* Release */ = {
			isa = XCBuildConfiguration;
			buildSettings = {
				COPY_PHASE_STRIP = YES;
				DEBUG_INFORMATION_FORMAT = "dwarf-with-dsym";
				GCC_ENABLE_FIX_AND_CONTINUE = NO;
				GCC_MODEL_TUNING = G5;
				GCC_PRECOMPILE_PREFIX_HEADER = YES;
				GCC_PREFIX_HEADER = "$(SYSTEM_LIBRARY_DIR)/Frameworks/AppKit.framework/Headers/AppKit.h";
				INFOPLIST_FILE = "resources/plugins/AppleScript Plugin-Info.plist";
				INSTALL_PATH = "$(HOME)/Library/Bundles";
				OTHER_LDFLAGS = (
					"-framework",
					Foundation,
					"-framework",
					AppKit,
				);
				PREBINDING = NO;
				PRODUCT_NAME = "AppleScript Plugin";
				RUN_CLANG_STATIC_ANALYZER = YES;
				WRAPPER_EXTENSION = plugin;
				ZERO_LINK = NO;
			};
			name = Release;
		};
		0A9C81C50E21CA62001B29F6 /* Release (Logs) */ = {
			isa = XCBuildConfiguration;
			buildSettings = {
				GCC_ENABLE_FIX_AND_CONTINUE = YES;
				GCC_MODEL_TUNING = G5;
				GCC_PRECOMPILE_PREFIX_HEADER = YES;
				GCC_PREFIX_HEADER = "$(SYSTEM_LIBRARY_DIR)/Frameworks/AppKit.framework/Headers/AppKit.h";
				INFOPLIST_FILE = "resources/plugins/AppleScript Plugin-Info.plist";
				INSTALL_PATH = "$(HOME)/Library/Bundles";
				OTHER_LDFLAGS = (
					"-framework",
					Foundation,
					"-framework",
					AppKit,
				);
				PREBINDING = NO;
				PRODUCT_NAME = "AppleScript Plugin";
				RUN_CLANG_STATIC_ANALYZER = YES;
				WRAPPER_EXTENSION = plugin;
				ZERO_LINK = YES;
			};
			name = "Release (Logs)";
		};
		0A9CA8C70B0D5FD900D358FA /* Debug (no Logs) */ = {
			isa = XCBuildConfiguration;
			buildSettings = {
				ARCHS = "$(ARCHS_STANDARD_32_BIT_PRE_XCODE_3_1)";
				ARCHS_STANDARD_32_BIT_PRE_XCODE_3_1 = "ppc i386";
				COPY_PHASE_STRIP = NO;
				FRAMEWORK_SEARCH_PATHS = (
					"$(inherited)",
					"$(FRAMEWORK_SEARCH_PATHS_QUOTED_1)",
					"$(FRAMEWORK_SEARCH_PATHS_QUOTED_2)",
					"$(FRAMEWORK_SEARCH_PATHS_QUOTED_3)",
					"$(FRAMEWORK_SEARCH_PATHS_QUOTED_FOR_TARGET_1)",
					"$(FRAMEWORK_SEARCH_PATHS_QUOTED_FOR_TARGET_2)",
					"$(FRAMEWORK_SEARCH_PATHS_QUOTED_FOR_TARGET_3)",
					"$(FRAMEWORK_SEARCH_PATHS_QUOTED_FOR_TARGET_4)",
					"$(FRAMEWORK_SEARCH_PATHS_QUOTED_FOR_TARGET_5)",
					"$(FRAMEWORK_SEARCH_PATHS_QUOTED_FOR_TARGET_6)",
				);
				FRAMEWORK_SEARCH_PATHS_QUOTED_1 = "\"$(SYSTEM_LIBRARY_DIR)/PrivateFrameworks\"";
				FRAMEWORK_SEARCH_PATHS_QUOTED_2 = "\"$(SRCROOT)\"";
				FRAMEWORK_SEARCH_PATHS_QUOTED_3 = "\"$(SRCROOT)\"";
				FRAMEWORK_SEARCH_PATHS_QUOTED_FOR_TARGET_1 = "\"$(SRCROOT)\"";
				FRAMEWORK_SEARCH_PATHS_QUOTED_FOR_TARGET_2 = "\"$(SRCROOT)\"";
				FRAMEWORK_SEARCH_PATHS_QUOTED_FOR_TARGET_3 = "\"$(SRCROOT)\"";
				FRAMEWORK_SEARCH_PATHS_QUOTED_FOR_TARGET_4 = "\"$(SRCROOT)\"";
				FRAMEWORK_SEARCH_PATHS_QUOTED_FOR_TARGET_5 = "\"$(SRCROOT)\"";
				FRAMEWORK_SEARCH_PATHS_QUOTED_FOR_TARGET_6 = "\"$(DEVELOPER_DIR)/Projects/files/breakaway/frameworks\"";
				GCC_DYNAMIC_NO_PIC = NO;
				GCC_ENABLE_FIX_AND_CONTINUE = YES;
				GCC_MODEL_TUNING = G5;
				GCC_OPTIMIZATION_LEVEL = 0;
				GCC_PREFIX_HEADER = ./src/Breakaway_Prefix.pch;
				INFOPLIST_FILE = resources/Info.plist;
				INSTALL_PATH = "$(HOME)/Applications";
				OTHER_CFLAGS = "-DDEBUG=0";
				PRODUCT_NAME = Breakaway;
				RUN_CLANG_STATIC_ANALYZER = YES;
				SDKROOT = /Developer/SDKs/MacOSX10.5.sdk;
				WRAPPER_EXTENSION = app;
				ZERO_LINK = NO;
			};
			name = "Debug (no Logs)";
		};
		0A9CA8C80B0D5FD900D358FA /* Debug (no Logs) */ = {
			isa = XCBuildConfiguration;
			buildSettings = {
				GCC_DEBUGGING_SYMBOLS = full;
				GCC_WARN_ABOUT_RETURN_TYPE = YES;
				GCC_WARN_UNUSED_VARIABLE = YES;
				OTHER_CFLAGS = "-DMY_DEBUG_FLAG=0";
				PREBINDING = NO;
				SDKROOT = /Developer/SDKs/MacOSX10.5.sdk;
			};
			name = "Debug (no Logs)";
		};
		0AAB58BD0B199DA5005B1E69 /* Release (Logs) */ = {
			isa = XCBuildConfiguration;
			buildSettings = {
				ARCHS = "$(ARCHS_STANDARD_32_BIT_PRE_XCODE_3_1)";
				ARCHS_STANDARD_32_BIT_PRE_XCODE_3_1 = "ppc i386";
				FRAMEWORK_SEARCH_PATHS = (
					"$(inherited)",
					"$(FRAMEWORK_SEARCH_PATHS_QUOTED_1)",
					"$(FRAMEWORK_SEARCH_PATHS_QUOTED_2)",
					"$(FRAMEWORK_SEARCH_PATHS_QUOTED_3)",
					"$(FRAMEWORK_SEARCH_PATHS_QUOTED_FOR_TARGET_1)",
					"$(FRAMEWORK_SEARCH_PATHS_QUOTED_FOR_TARGET_2)",
					"$(FRAMEWORK_SEARCH_PATHS_QUOTED_FOR_TARGET_3)",
					"$(FRAMEWORK_SEARCH_PATHS_QUOTED_FOR_TARGET_4)",
					"$(FRAMEWORK_SEARCH_PATHS_QUOTED_FOR_TARGET_5)",
					"$(FRAMEWORK_SEARCH_PATHS_QUOTED_FOR_TARGET_6)",
				);
				FRAMEWORK_SEARCH_PATHS_QUOTED_1 = "\"$(SYSTEM_LIBRARY_DIR)/PrivateFrameworks\"";
				FRAMEWORK_SEARCH_PATHS_QUOTED_2 = "\"$(SRCROOT)\"";
				FRAMEWORK_SEARCH_PATHS_QUOTED_3 = "\"$(SRCROOT)\"";
				FRAMEWORK_SEARCH_PATHS_QUOTED_FOR_TARGET_1 = "\"$(SRCROOT)\"";
				FRAMEWORK_SEARCH_PATHS_QUOTED_FOR_TARGET_2 = "\"$(SRCROOT)\"";
				FRAMEWORK_SEARCH_PATHS_QUOTED_FOR_TARGET_3 = "\"$(SRCROOT)\"";
				FRAMEWORK_SEARCH_PATHS_QUOTED_FOR_TARGET_4 = "\"$(SRCROOT)\"";
				FRAMEWORK_SEARCH_PATHS_QUOTED_FOR_TARGET_5 = "\"$(SRCROOT)\"";
				FRAMEWORK_SEARCH_PATHS_QUOTED_FOR_TARGET_6 = "\"$(DEVELOPER_DIR)/Projects/files/breakaway/frameworks\"";
				GCC_GENERATE_DEBUGGING_SYMBOLS = NO;
				GCC_MODEL_TUNING = G5;
				GCC_PREFIX_HEADER = ./src/Breakaway_Prefix.pch;
				INFOPLIST_FILE = resources/Info.plist;
				INSTALL_PATH = "$(HOME)/Applications";
				OTHER_CFLAGS = "-DDEBUG=1";
				PRODUCT_NAME = Breakaway;
				RUN_CLANG_STATIC_ANALYZER = YES;
				SDKROOT = /Developer/SDKs/MacOSX10.5.sdk;
				WRAPPER_EXTENSION = app;
			};
			name = "Release (Logs)";
		};
		0AAB58BE0B199DA5005B1E69 /* Release (Logs) */ = {
			isa = XCBuildConfiguration;
			buildSettings = {
				ARCHS = (
					ppc,
					i386,
				);
				GCC_WARN_ABOUT_RETURN_TYPE = YES;
				GCC_WARN_UNUSED_VARIABLE = YES;
				OTHER_CFLAGS = "-DMY_DEBUG_FLAG=1";
				PREBINDING = NO;
				SDKROOT = /Developer/SDKs/MacOSX10.5.sdk;
			};
			name = "Release (Logs)";
		};
		0ADE95E7136BE34D0045CCB5 /* Debug */ = {
			isa = XCBuildConfiguration;
			buildSettings = {
				ALWAYS_SEARCH_USER_PATHS = NO;
				COPY_PHASE_STRIP = NO;
				FRAMEWORK_SEARCH_PATHS = (
					"$(inherited)",
					"$(FRAMEWORK_SEARCH_PATHS_QUOTED_FOR_TARGET_1)",
				);
				FRAMEWORK_SEARCH_PATHS_QUOTED_FOR_TARGET_1 = "\"$(DEVELOPER_DIR)/Projects/files/breakaway/frameworks\"";
				GCC_DYNAMIC_NO_PIC = NO;
				GCC_ENABLE_FIX_AND_CONTINUE = YES;
				GCC_MODEL_TUNING = G5;
				GCC_OPTIMIZATION_LEVEL = 0;
				GCC_PRECOMPILE_PREFIX_HEADER = YES;
				GCC_PREFIX_HEADER = "$(SYSTEM_LIBRARY_DIR)/Frameworks/AppKit.framework/Headers/AppKit.h";
				INFOPLIST_FILE = "resources/plugins/iTunes Plugin-Info.plist";
				INSTALL_PATH = "$(HOME)/Library/Bundles";
				OTHER_LDFLAGS = (
					"-framework",
					Foundation,
					"-framework",
					AppKit,
				);
				PREBINDING = NO;
				PRODUCT_NAME = "iTunes Plugin";
				WRAPPER_EXTENSION = plugin;
			};
			name = Debug;
		};
		0ADE95E8136BE34D0045CCB5 /* Debug (no Logs) */ = {
			isa = XCBuildConfiguration;
			buildSettings = {
				ALWAYS_SEARCH_USER_PATHS = NO;
				FRAMEWORK_SEARCH_PATHS = (
					"$(inherited)",
					"$(FRAMEWORK_SEARCH_PATHS_QUOTED_FOR_TARGET_1)",
				);
				FRAMEWORK_SEARCH_PATHS_QUOTED_FOR_TARGET_1 = "\"$(DEVELOPER_DIR)/Projects/files/breakaway/frameworks\"";
				GCC_ENABLE_FIX_AND_CONTINUE = YES;
				GCC_MODEL_TUNING = G5;
				GCC_PRECOMPILE_PREFIX_HEADER = YES;
				GCC_PREFIX_HEADER = "$(SYSTEM_LIBRARY_DIR)/Frameworks/AppKit.framework/Headers/AppKit.h";
				INFOPLIST_FILE = "resources/plugins/iTunes Plugin-Info.plist";
				INSTALL_PATH = "$(HOME)/Library/Bundles";
				OTHER_LDFLAGS = (
					"-framework",
					Foundation,
					"-framework",
					AppKit,
				);
				PREBINDING = NO;
				PRODUCT_NAME = "iTunes Plugin";
				WRAPPER_EXTENSION = plugin;
			};
			name = "Debug (no Logs)";
		};
		0ADE95E9136BE34D0045CCB5 /* Release */ = {
			isa = XCBuildConfiguration;
			buildSettings = {
				ALWAYS_SEARCH_USER_PATHS = NO;
				COPY_PHASE_STRIP = YES;
				DEBUG_INFORMATION_FORMAT = "dwarf-with-dsym";
				FRAMEWORK_SEARCH_PATHS = (
					"$(inherited)",
					"$(FRAMEWORK_SEARCH_PATHS_QUOTED_FOR_TARGET_1)",
				);
				FRAMEWORK_SEARCH_PATHS_QUOTED_FOR_TARGET_1 = "\"$(DEVELOPER_DIR)/Projects/files/breakaway/frameworks\"";
				GCC_ENABLE_FIX_AND_CONTINUE = NO;
				GCC_MODEL_TUNING = G5;
				GCC_PRECOMPILE_PREFIX_HEADER = YES;
				GCC_PREFIX_HEADER = "$(SYSTEM_LIBRARY_DIR)/Frameworks/AppKit.framework/Headers/AppKit.h";
				INFOPLIST_FILE = "resources/plugins/iTunes Plugin-Info.plist";
				INSTALL_PATH = "$(HOME)/Library/Bundles";
				OTHER_LDFLAGS = (
					"-framework",
					Foundation,
					"-framework",
					AppKit,
				);
				PREBINDING = NO;
				PRODUCT_NAME = "iTunes Plugin";
				WRAPPER_EXTENSION = plugin;
				ZERO_LINK = NO;
			};
			name = Release;
		};
		0ADE95EA136BE34D0045CCB5 /* Release (Logs) */ = {
			isa = XCBuildConfiguration;
			buildSettings = {
				ALWAYS_SEARCH_USER_PATHS = NO;
				FRAMEWORK_SEARCH_PATHS = (
					"$(inherited)",
					"$(FRAMEWORK_SEARCH_PATHS_QUOTED_FOR_TARGET_1)",
				);
				FRAMEWORK_SEARCH_PATHS_QUOTED_FOR_TARGET_1 = "\"$(DEVELOPER_DIR)/Projects/files/breakaway/frameworks\"";
				GCC_ENABLE_FIX_AND_CONTINUE = YES;
				GCC_MODEL_TUNING = G5;
				GCC_PRECOMPILE_PREFIX_HEADER = YES;
				GCC_PREFIX_HEADER = "$(SYSTEM_LIBRARY_DIR)/Frameworks/AppKit.framework/Headers/AppKit.h";
				INFOPLIST_FILE = "resources/plugins/iTunes Plugin-Info.plist";
				INSTALL_PATH = "$(HOME)/Library/Bundles";
				OTHER_LDFLAGS = (
					"-framework",
					Foundation,
					"-framework",
					AppKit,
				);
				PREBINDING = NO;
				PRODUCT_NAME = "iTunes Plugin";
				WRAPPER_EXTENSION = plugin;
			};
			name = "Release (Logs)";
		};
		C01FCF4B08A954540054247B /* Debug */ = {
			isa = XCBuildConfiguration;
			buildSettings = {
				ARCHS = "$(ARCHS_STANDARD_32_BIT_PRE_XCODE_3_1)";
				ARCHS_STANDARD_32_BIT_PRE_XCODE_3_1 = "ppc i386";
				COPY_PHASE_STRIP = NO;
				FRAMEWORK_SEARCH_PATHS = (
					"$(inherited)",
					"$(FRAMEWORK_SEARCH_PATHS_QUOTED_1)",
					"$(FRAMEWORK_SEARCH_PATHS_QUOTED_2)",
					"$(FRAMEWORK_SEARCH_PATHS_QUOTED_3)",
					"$(FRAMEWORK_SEARCH_PATHS_QUOTED_FOR_TARGET_1)",
					"$(FRAMEWORK_SEARCH_PATHS_QUOTED_FOR_TARGET_2)",
					"$(FRAMEWORK_SEARCH_PATHS_QUOTED_FOR_TARGET_3)",
					"$(FRAMEWORK_SEARCH_PATHS_QUOTED_FOR_TARGET_4)",
					"$(FRAMEWORK_SEARCH_PATHS_QUOTED_FOR_TARGET_5)",
					"$(FRAMEWORK_SEARCH_PATHS_QUOTED_FOR_TARGET_6)",
				);
				FRAMEWORK_SEARCH_PATHS_QUOTED_1 = "\"$(SYSTEM_LIBRARY_DIR)/PrivateFrameworks\"";
				FRAMEWORK_SEARCH_PATHS_QUOTED_2 = "\"$(SRCROOT)\"";
				FRAMEWORK_SEARCH_PATHS_QUOTED_3 = "\"$(SRCROOT)\"";
				FRAMEWORK_SEARCH_PATHS_QUOTED_FOR_TARGET_1 = "\"$(SRCROOT)\"";
				FRAMEWORK_SEARCH_PATHS_QUOTED_FOR_TARGET_2 = "\"$(SRCROOT)\"";
				FRAMEWORK_SEARCH_PATHS_QUOTED_FOR_TARGET_3 = "\"$(SRCROOT)\"";
				FRAMEWORK_SEARCH_PATHS_QUOTED_FOR_TARGET_4 = "\"$(SRCROOT)\"";
				FRAMEWORK_SEARCH_PATHS_QUOTED_FOR_TARGET_5 = "\"$(SRCROOT)\"";
				FRAMEWORK_SEARCH_PATHS_QUOTED_FOR_TARGET_6 = "\"$(DEVELOPER_DIR)/Projects/files/breakaway/frameworks\"";
				GCC_DYNAMIC_NO_PIC = NO;
				GCC_ENABLE_FIX_AND_CONTINUE = YES;
				GCC_MODEL_TUNING = "";
				GCC_OPTIMIZATION_LEVEL = 0;
				GCC_PRECOMPILE_PREFIX_HEADER = NO;
				GCC_PREFIX_HEADER = ./src/Breakaway_Prefix.pch;
				INFOPLIST_FILE = resources/Info.plist;
				INSTALL_PATH = "$(HOME)/Applications";
				OTHER_CFLAGS = "-DDEBUG=1";
				PRODUCT_NAME = Breakaway;
				RUN_CLANG_STATIC_ANALYZER = YES;
				SDKROOT = /Developer/SDKs/MacOSX10.5.sdk;
				WRAPPER_EXTENSION = app;
				ZERO_LINK = NO;
			};
			name = Debug;
		};
		C01FCF4C08A954540054247B /* Release */ = {
			isa = XCBuildConfiguration;
			buildSettings = {
				ARCHS = "$(ARCHS_STANDARD_32_BIT_PRE_XCODE_3_1)";
				ARCHS_STANDARD_32_BIT_PRE_XCODE_3_1 = "ppc i386";
				FRAMEWORK_SEARCH_PATHS = (
					"$(inherited)",
					"$(FRAMEWORK_SEARCH_PATHS_QUOTED_1)",
					"$(FRAMEWORK_SEARCH_PATHS_QUOTED_2)",
					"$(FRAMEWORK_SEARCH_PATHS_QUOTED_3)",
					"$(FRAMEWORK_SEARCH_PATHS_QUOTED_FOR_TARGET_1)",
					"$(FRAMEWORK_SEARCH_PATHS_QUOTED_FOR_TARGET_2)",
					"$(FRAMEWORK_SEARCH_PATHS_QUOTED_FOR_TARGET_3)",
					"$(FRAMEWORK_SEARCH_PATHS_QUOTED_FOR_TARGET_4)",
					"$(FRAMEWORK_SEARCH_PATHS_QUOTED_FOR_TARGET_5)",
					"$(FRAMEWORK_SEARCH_PATHS_QUOTED_FOR_TARGET_6)",
				);
				FRAMEWORK_SEARCH_PATHS_QUOTED_1 = "\"$(SYSTEM_LIBRARY_DIR)/PrivateFrameworks\"";
				FRAMEWORK_SEARCH_PATHS_QUOTED_2 = "\"$(SRCROOT)\"";
				FRAMEWORK_SEARCH_PATHS_QUOTED_3 = "\"$(SRCROOT)\"";
				FRAMEWORK_SEARCH_PATHS_QUOTED_FOR_TARGET_1 = "\"$(SRCROOT)\"";
				FRAMEWORK_SEARCH_PATHS_QUOTED_FOR_TARGET_2 = "\"$(SRCROOT)\"";
				FRAMEWORK_SEARCH_PATHS_QUOTED_FOR_TARGET_3 = "\"$(SRCROOT)\"";
				FRAMEWORK_SEARCH_PATHS_QUOTED_FOR_TARGET_4 = "\"$(SRCROOT)\"";
				FRAMEWORK_SEARCH_PATHS_QUOTED_FOR_TARGET_5 = "\"$(SRCROOT)\"";
				FRAMEWORK_SEARCH_PATHS_QUOTED_FOR_TARGET_6 = "\"$(DEVELOPER_DIR)/Projects/files/breakaway/frameworks\"";
				GCC_GENERATE_DEBUGGING_SYMBOLS = NO;
				GCC_MODEL_TUNING = "";
				GCC_PREFIX_HEADER = ./src/Breakaway_Prefix.pch;
				INFOPLIST_FILE = resources/Info.plist;
				INSTALL_PATH = "$(HOME)/Applications";
				PRODUCT_NAME = Breakaway;
				RUN_CLANG_STATIC_ANALYZER = YES;
				SDKROOT = /Developer/SDKs/MacOSX10.5.sdk;
				WRAPPER_EXTENSION = app;
			};
			name = Release;
		};
		C01FCF4F08A954540054247B /* Debug */ = {
			isa = XCBuildConfiguration;
			buildSettings = {
				GCC_DEBUGGING_SYMBOLS = full;
				GCC_WARN_ABOUT_RETURN_TYPE = YES;
				GCC_WARN_UNUSED_VARIABLE = YES;
				OTHER_CFLAGS = "-DMY_DEBUG_FLAG=1";
				PREBINDING = NO;
				SDKROOT = /Developer/SDKs/MacOSX10.5.sdk;
			};
			name = Debug;
		};
		C01FCF5008A954540054247B /* Release */ = {
			isa = XCBuildConfiguration;
			buildSettings = {
				ARCHS = (
					ppc,
					i386,
				);
				GCC_WARN_ABOUT_RETURN_TYPE = YES;
				GCC_WARN_UNUSED_VARIABLE = YES;
				PREBINDING = NO;
				SDKROOT = /Developer/SDKs/MacOSX10.5.sdk;
			};
			name = Release;
		};
/* End XCBuildConfiguration section */

/* Begin XCConfigurationList section */
		0A55C48E0E36D7C300347DB7 /* Build configuration list for PBXNativeTarget "VLC Plugin" */ = {
			isa = XCConfigurationList;
			buildConfigurations = (
				0A55C48A0E36D7C300347DB7 /* Debug */,
				0A55C48B0E36D7C300347DB7 /* Debug (no Logs) */,
				0A55C48C0E36D7C300347DB7 /* Release */,
				0A55C48D0E36D7C300347DB7 /* Release (Logs) */,
			);
			defaultConfigurationIsVisible = 0;
			defaultConfigurationName = Release;
		};
		0A9C81C60E21CA62001B29F6 /* Build configuration list for PBXNativeTarget "AppleScript Plugin" */ = {
			isa = XCConfigurationList;
			buildConfigurations = (
				0A9C81C20E21CA62001B29F6 /* Debug */,
				0A9C81C30E21CA62001B29F6 /* Debug (no Logs) */,
				0A9C81C40E21CA62001B29F6 /* Release */,
				0A9C81C50E21CA62001B29F6 /* Release (Logs) */,
			);
			defaultConfigurationIsVisible = 0;
			defaultConfigurationName = Release;
		};
		0ADE95EB136BE34D0045CCB5 /* Build configuration list for PBXNativeTarget "iTunes Plugin" */ = {
			isa = XCConfigurationList;
			buildConfigurations = (
				0ADE95E7136BE34D0045CCB5 /* Debug */,
				0ADE95E8136BE34D0045CCB5 /* Debug (no Logs) */,
				0ADE95E9136BE34D0045CCB5 /* Release */,
				0ADE95EA136BE34D0045CCB5 /* Release (Logs) */,
			);
			defaultConfigurationIsVisible = 0;
			defaultConfigurationName = Release;
		};
		C01FCF4A08A954540054247B /* Build configuration list for PBXNativeTarget "Breakaway" */ = {
			isa = XCConfigurationList;
			buildConfigurations = (
				C01FCF4B08A954540054247B /* Debug */,
				0A9CA8C70B0D5FD900D358FA /* Debug (no Logs) */,
				C01FCF4C08A954540054247B /* Release */,
				0AAB58BD0B199DA5005B1E69 /* Release (Logs) */,
			);
			defaultConfigurationIsVisible = 0;
			defaultConfigurationName = Release;
		};
		C01FCF4E08A954540054247B /* Build configuration list for PBXProject "Breakaway" */ = {
			isa = XCConfigurationList;
			buildConfigurations = (
				C01FCF4F08A954540054247B /* Debug */,
				0A9CA8C80B0D5FD900D358FA /* Debug (no Logs) */,
				C01FCF5008A954540054247B /* Release */,
				0AAB58BE0B199DA5005B1E69 /* Release (Logs) */,
			);
			defaultConfigurationIsVisible = 0;
			defaultConfigurationName = Release;
		};
/* End XCConfigurationList section */
	};
	rootObject = 29B97313FDCFA39411CA2CEA /* Project object */;
}
