// !$*UTF8*$!
{
	archiveVersion = 1;
	classes = {
	};
	objectVersion = 42;
	objects = {

/* Begin PBXBuildFile section */
		0A061BCE10F7CCD900E88056 /* iTunesBridge.h in Headers */ = {isa = PBXBuildFile; fileRef = 0A061BCD10F7CCD900E88056 /* iTunesBridge.h */; };
		0A061D6610F855DC00E88056 /* defines.h in Headers */ = {isa = PBXBuildFile; fileRef = 0A061D6510F855DC00E88056 /* defines.h */; };
		0A061D8C10F8580B00E88056 /* AIPluginControllerProtocol.h in Headers */ = {isa = PBXBuildFile; fileRef = 0A061D7210F8580B00E88056 /* AIPluginControllerProtocol.h */; };
		0A061D8D10F8580B00E88056 /* AIPluginProtocol.h in Headers */ = {isa = PBXBuildFile; fileRef = 0A061D7310F8580B00E88056 /* AIPluginProtocol.h */; };
		0A061D8E10F8580B00E88056 /* AIPluginSelector.h in Headers */ = {isa = PBXBuildFile; fileRef = 0A061D7410F8580B00E88056 /* AIPluginSelector.h */; };
		0A061D8F10F8580B00E88056 /* AIPluginSelector.m in Sources */ = {isa = PBXBuildFile; fileRef = 0A061D7510F8580B00E88056 /* AIPluginSelector.m */; };
		0A061D9210F8580B00E88056 /* AppController.h in Headers */ = {isa = PBXBuildFile; fileRef = 0A061D7810F8580B00E88056 /* AppController.h */; };
		0A061D9310F8580B00E88056 /* AppController.m in Sources */ = {isa = PBXBuildFile; fileRef = 0A061D7910F8580B00E88056 /* AppController.m */; };
		0A061D9410F8580B00E88056 /* Breakaway_Prefix.pch in Headers */ = {isa = PBXBuildFile; fileRef = 0A061D7A10F8580B00E88056 /* Breakaway_Prefix.pch */; };
		0A061D9710F8580B00E88056 /* defines.m in Sources */ = {isa = PBXBuildFile; fileRef = 0A061D7D10F8580B00E88056 /* defines.m */; };
		0A061D9810F8580B00E88056 /* GrowlNotifier.h in Headers */ = {isa = PBXBuildFile; fileRef = 0A061D7E10F8580B00E88056 /* GrowlNotifier.h */; };
		0A061D9910F8580B00E88056 /* GrowlNotifier.m in Sources */ = {isa = PBXBuildFile; fileRef = 0A061D7F10F8580B00E88056 /* GrowlNotifier.m */; };
		0A061D9B10F8580B00E88056 /* main.m in Sources */ = {isa = PBXBuildFile; fileRef = 0A061D8110F8580B00E88056 /* main.m */; };
		0A061D9C10F8580B00E88056 /* PreferenceHandler.h in Headers */ = {isa = PBXBuildFile; fileRef = 0A061D8210F8580B00E88056 /* PreferenceHandler.h */; };
		0A061D9D10F8580B00E88056 /* PreferenceHandler.m in Sources */ = {isa = PBXBuildFile; fileRef = 0A061D8310F8580B00E88056 /* PreferenceHandler.m */; };
		0A061D9E10F8580B00E88056 /* PreferencesController.h in Headers */ = {isa = PBXBuildFile; fileRef = 0A061D8410F8580B00E88056 /* PreferencesController.h */; };
		0A061D9F10F8580B00E88056 /* PreferencesController.m in Sources */ = {isa = PBXBuildFile; fileRef = 0A061D8510F8580B00E88056 /* PreferencesController.m */; };
		0A061E1D10F8593800E88056 /* InfoPlist.strings in Resources */ = {isa = PBXBuildFile; fileRef = 0A061E1510F8593800E88056 /* InfoPlist.strings */; };
		0A061E1E10F8593800E88056 /* MainMenu.nib in Resources */ = {isa = PBXBuildFile; fileRef = 0A061E1710F8593800E88056 /* MainMenu.nib */; };
		0A061E5110F85A8D00E88056 /* VLCPlugin.nib in Resources */ = {isa = PBXBuildFile; fileRef = 0A061E3410F859C200E88056 /* VLCPlugin.nib */; };
		0A061E8D10F85BDB00E88056 /* Preferences.nib in Resources */ = {isa = PBXBuildFile; fileRef = 0A061E8C10F85BDB00E88056 /* Preferences.nib */; };
		0A2B1F4A10FBDB2D00D28890 /* Growl.framework in CopyFiles */ = {isa = PBXBuildFile; fileRef = 0AC67D860F0F2C7500196632 /* Growl.framework */; };
		0A2B1F5010FBDBDB00D28890 /* Sparkle.framework in CopyFiles */ = {isa = PBXBuildFile; fileRef = 0AC67D870F0F2C7600196632 /* Sparkle.framework */; };
		0A2B1F5510FBDC6800D28890 /* dsa_pub.pem in Resources */ = {isa = PBXBuildFile; fileRef = 0A2B1F5410FBDC6800D28890 /* dsa_pub.pem */; };
		0A2B1FFB10FC5B8E00D28890 /* update.tiff in Resources */ = {isa = PBXBuildFile; fileRef = 0A2B1FFA10FC5B8E00D28890 /* update.tiff */; };
		0A4611480DF0741B001A579C /* Readme.rtf in Resources */ = {isa = PBXBuildFile; fileRef = 0A4611470DF0741B001A579C /* Readme.rtf */; };
		0A46114B0DF07425001A579C /* COPYING.txt in Resources */ = {isa = PBXBuildFile; fileRef = 0A4611490DF07425001A579C /* COPYING.txt */; };
		0A46114C0DF07425001A579C /* devs log.txt in Resources */ = {isa = PBXBuildFile; fileRef = 0A46114A0DF07425001A579C /* devs log.txt */; };
		0A4D7FE610FE735E00850E00 /* SUHost.h in Headers */ = {isa = PBXBuildFile; fileRef = 0A4D7FE410FE735E00850E00 /* SUHost.h */; };
		0A4D7FE710FE735E00850E00 /* SUSystemProfiler.h in Headers */ = {isa = PBXBuildFile; fileRef = 0A4D7FE510FE735E00850E00 /* SUSystemProfiler.h */; };
		0A841A490E22DF2400ECF64A /* AppleScriptPlugin.nib in Resources */ = {isa = PBXBuildFile; fileRef = 0A841A480E22DF2400ECF64A /* AppleScriptPlugin.nib */; };
		0A9C81C80E21CAAD001B29F6 /* Cocoa.framework in Frameworks */ = {isa = PBXBuildFile; fileRef = 1058C7A1FEA54F0111CA2CBB /* Cocoa.framework */; };
		0AA225BE10F98CFE00401B7A /* AIAppleScriptPluginController.h in Headers */ = {isa = PBXBuildFile; fileRef = 0A061D6E10F8580B00E88056 /* AIAppleScriptPluginController.h */; };
		0AA225BF10F98D0100401B7A /* AIPluginProtocol.h in Headers */ = {isa = PBXBuildFile; fileRef = 0A061D7310F8580B00E88056 /* AIPluginProtocol.h */; };
		0AA225C010F98D0E00401B7A /* AIVLCPlugin.m in Sources */ = {isa = PBXBuildFile; fileRef = 0A061D7710F8580B00E88056 /* AIVLCPlugin.m */; };
		0AA225C110F98D1000401B7A /* AIVLCPlugin.h in Headers */ = {isa = PBXBuildFile; fileRef = 0A061D7610F8580B00E88056 /* AIVLCPlugin.h */; };
		0AA225C510F98D2D00401B7A /* AIAppleScriptPlugin.m in Sources */ = {isa = PBXBuildFile; fileRef = 0A061D6D10F8580B00E88056 /* AIAppleScriptPlugin.m */; };
		0AA225C610F98D3000401B7A /* AIAppleScriptPlugin.h in Headers */ = {isa = PBXBuildFile; fileRef = 0A061D6C10F8580B00E88056 /* AIAppleScriptPlugin.h */; };
		0AA225C710F98D3000401B7A /* AIDropWell.m in Sources */ = {isa = PBXBuildFile; fileRef = 0A061D7110F8580B00E88056 /* AIDropWell.m */; };
		0AA225C810F98D3100401B7A /* AIAppleScriptPluginController.h in Headers */ = {isa = PBXBuildFile; fileRef = 0A061D6E10F8580B00E88056 /* AIAppleScriptPluginController.h */; };
		0AA225C910F98D3100401B7A /* AIAppleScriptPluginController.m in Sources */ = {isa = PBXBuildFile; fileRef = 0A061D6F10F8580B00E88056 /* AIAppleScriptPluginController.m */; };
		0AA225CA10F98D3100401B7A /* AIDropWell.h in Headers */ = {isa = PBXBuildFile; fileRef = 0A061D7010F8580B00E88056 /* AIDropWell.h */; };
		0AA225CC10F98D8D00401B7A /* DebugUtils.h in Headers */ = {isa = PBXBuildFile; fileRef = 0ACA9C320B0D297F00610F2A /* DebugUtils.h */; };
		0AA225E210F98E5800401B7A /* Sparkle.framework in Frameworks */ = {isa = PBXBuildFile; fileRef = 0AC67D870F0F2C7600196632 /* Sparkle.framework */; };
		0AA225E310F98E5B00401B7A /* Growl.framework in Frameworks */ = {isa = PBXBuildFile; fileRef = 0AC67D860F0F2C7500196632 /* Growl.framework */; };
		0AA225E610F98E6100401B7A /* ScriptingBridge.framework in Frameworks */ = {isa = PBXBuildFile; fileRef = 0A061AFB10F7C8C200E88056 /* ScriptingBridge.framework */; };
		0AA225E710F98E6200401B7A /* Cocoa.framework in Frameworks */ = {isa = PBXBuildFile; fileRef = 1058C7A1FEA54F0111CA2CBB /* Cocoa.framework */; };
		0AA225E810F98E6300401B7A /* CoreAudio.framework in Frameworks */ = {isa = PBXBuildFile; fileRef = 0A45732E0AFFD766007EBF43 /* CoreAudio.framework */; };
		0AA2261D10F994B400401B7A /* connected.png in Resources */ = {isa = PBXBuildFile; fileRef = 0AA225F810F994B300401B7A /* connected.png */; };
		0AA2261E10F994B400401B7A /* disabled.png in Resources */ = {isa = PBXBuildFile; fileRef = 0AA225F910F994B300401B7A /* disabled.png */; };
		0AA2261F10F994B400401B7A /* disconnected.png in Resources */ = {isa = PBXBuildFile; fileRef = 0AA225FA10F994B300401B7A /* disconnected.png */; };
		0AA2262210F994B400401B7A /* 15BreakawayIcon.icns in Resources */ = {isa = PBXBuildFile; fileRef = 0AA225FF10F994B400401B7A /* 15BreakawayIcon.icns */; };
		0AA2262310F994B400401B7A /* Add.tiff in Resources */ = {isa = PBXBuildFile; fileRef = 0AA2260010F994B400401B7A /* Add.tiff */; };
		0AA2262410F994B400401B7A /* General Preferences.tiff in Resources */ = {isa = PBXBuildFile; fileRef = 0AA2260110F994B400401B7A /* General Preferences.tiff */; };
		0AA2262510F994B400401B7A /* Get Info.tiff in Resources */ = {isa = PBXBuildFile; fileRef = 0AA2260210F994B400401B7A /* Get Info.tiff */; };
		0AA2263110F994B400401B7A /* Network Utility.tiff in Resources */ = {isa = PBXBuildFile; fileRef = 0AA2261610F994B400401B7A /* Network Utility.tiff */; };
		0AA2263210F994B400401B7A /* notfoundover.png in Resources */ = {isa = PBXBuildFile; fileRef = 0AA2261710F994B400401B7A /* notfoundover.png */; };
		0AA2263310F994B400401B7A /* plugins.png in Resources */ = {isa = PBXBuildFile; fileRef = 0AA2261810F994B400401B7A /* plugins.png */; };
		0AA2263410F994B400401B7A /* Power.tiff in Resources */ = {isa = PBXBuildFile; fileRef = 0AA2261910F994B400401B7A /* Power.tiff */; };
		0AA2263510F994B400401B7A /* Remove.tiff in Resources */ = {isa = PBXBuildFile; fileRef = 0AA2261A10F994B400401B7A /* Remove.tiff */; };
		0AA2263710F994B400401B7A /* Users.tiff in Resources */ = {isa = PBXBuildFile; fileRef = 0AA2261C10F994B400401B7A /* Users.tiff */; };
		0AF44E380B1229D0007163FE /* Credits.rtf in Resources */ = {isa = PBXBuildFile; fileRef = 0AF44E370B1229D0007163FE /* Credits.rtf */; };
/* End PBXBuildFile section */

/* Begin PBXContainerItemProxy section */
		0AA225BA10F98CCD00401B7A /* PBXContainerItemProxy */ = {
			isa = PBXContainerItemProxy;
			containerPortal = 29B97313FDCFA39411CA2CEA /* Project object */;
			proxyType = 1;
			remoteGlobalIDString = 0A9C81BF0E21CA62001B29F6;
			remoteInfo = "AppleScript Plugin";
		};
		0AA225BC10F98CD200401B7A /* PBXContainerItemProxy */ = {
			isa = PBXContainerItemProxy;
			containerPortal = 29B97313FDCFA39411CA2CEA /* Project object */;
			proxyType = 1;
			remoteGlobalIDString = 0A55C4870E36D7C200347DB7;
			remoteInfo = "VLC Plugin";
		};
/* End PBXContainerItemProxy section */

/* Begin PBXCopyFilesBuildPhase section */
		0A2B1F4D10FBDB3100D28890 /* CopyFiles */ = {
			isa = PBXCopyFilesBuildPhase;
			buildActionMask = 2147483647;
			dstPath = "";
			dstSubfolderSpec = 10;
			files = (
				0A2B1F5010FBDBDB00D28890 /* Sparkle.framework in CopyFiles */,
				0A2B1F4A10FBDB2D00D28890 /* Growl.framework in CopyFiles */,
			);
			runOnlyForDeploymentPostprocessing = 0;
		};
/* End PBXCopyFilesBuildPhase section */

/* Begin PBXFileReference section */
		0A061AFB10F7C8C200E88056 /* ScriptingBridge.framework */ = {isa = PBXFileReference; lastKnownFileType = wrapper.framework; name = ScriptingBridge.framework; path = /System/Library/Frameworks/ScriptingBridge.framework; sourceTree = "<absolute>"; };
		0A061BCD10F7CCD900E88056 /* iTunesBridge.h */ = {isa = PBXFileReference; fileEncoding = 4; lastKnownFileType = sourcecode.c.h; name = iTunesBridge.h; path = src/iTunesBridge.h; sourceTree = "<group>"; };
		0A061D6510F855DC00E88056 /* defines.h */ = {isa = PBXFileReference; fileEncoding = 4; lastKnownFileType = sourcecode.c.h; name = defines.h; path = src/defines.h; sourceTree = "<group>"; };
		0A061D6C10F8580B00E88056 /* AIAppleScriptPlugin.h */ = {isa = PBXFileReference; fileEncoding = 4; lastKnownFileType = sourcecode.c.h; name = AIAppleScriptPlugin.h; path = src/AIAppleScriptPlugin.h; sourceTree = "<group>"; };
		0A061D6D10F8580B00E88056 /* AIAppleScriptPlugin.m */ = {isa = PBXFileReference; fileEncoding = 4; lastKnownFileType = sourcecode.c.objc; name = AIAppleScriptPlugin.m; path = src/AIAppleScriptPlugin.m; sourceTree = "<group>"; };
		0A061D6E10F8580B00E88056 /* AIAppleScriptPluginController.h */ = {isa = PBXFileReference; fileEncoding = 4; lastKnownFileType = sourcecode.c.h; name = AIAppleScriptPluginController.h; path = src/AIAppleScriptPluginController.h; sourceTree = "<group>"; };
		0A061D6F10F8580B00E88056 /* AIAppleScriptPluginController.m */ = {isa = PBXFileReference; fileEncoding = 4; lastKnownFileType = sourcecode.c.objc; name = AIAppleScriptPluginController.m; path = src/AIAppleScriptPluginController.m; sourceTree = "<group>"; };
		0A061D7010F8580B00E88056 /* AIDropWell.h */ = {isa = PBXFileReference; fileEncoding = 4; lastKnownFileType = sourcecode.c.h; name = AIDropWell.h; path = src/AIDropWell.h; sourceTree = "<group>"; };
		0A061D7110F8580B00E88056 /* AIDropWell.m */ = {isa = PBXFileReference; fileEncoding = 4; lastKnownFileType = sourcecode.c.objc; name = AIDropWell.m; path = src/AIDropWell.m; sourceTree = "<group>"; };
		0A061D7210F8580B00E88056 /* AIPluginControllerProtocol.h */ = {isa = PBXFileReference; fileEncoding = 4; lastKnownFileType = sourcecode.c.h; name = AIPluginControllerProtocol.h; path = src/AIPluginControllerProtocol.h; sourceTree = "<group>"; };
		0A061D7310F8580B00E88056 /* AIPluginProtocol.h */ = {isa = PBXFileReference; fileEncoding = 4; lastKnownFileType = sourcecode.c.h; name = AIPluginProtocol.h; path = src/AIPluginProtocol.h; sourceTree = "<group>"; };
		0A061D7410F8580B00E88056 /* AIPluginSelector.h */ = {isa = PBXFileReference; fileEncoding = 4; lastKnownFileType = sourcecode.c.h; name = AIPluginSelector.h; path = src/AIPluginSelector.h; sourceTree = "<group>"; };
		0A061D7510F8580B00E88056 /* AIPluginSelector.m */ = {isa = PBXFileReference; fileEncoding = 4; lastKnownFileType = sourcecode.c.objc; name = AIPluginSelector.m; path = src/AIPluginSelector.m; sourceTree = "<group>"; };
		0A061D7610F8580B00E88056 /* AIVLCPlugin.h */ = {isa = PBXFileReference; fileEncoding = 4; lastKnownFileType = sourcecode.c.h; name = AIVLCPlugin.h; path = src/AIVLCPlugin.h; sourceTree = "<group>"; };
		0A061D7710F8580B00E88056 /* AIVLCPlugin.m */ = {isa = PBXFileReference; fileEncoding = 4; lastKnownFileType = sourcecode.c.objc; name = AIVLCPlugin.m; path = src/AIVLCPlugin.m; sourceTree = "<group>"; };
		0A061D7810F8580B00E88056 /* AppController.h */ = {isa = PBXFileReference; fileEncoding = 4; lastKnownFileType = sourcecode.c.h; name = AppController.h; path = src/AppController.h; sourceTree = "<group>"; };
		0A061D7910F8580B00E88056 /* AppController.m */ = {isa = PBXFileReference; fileEncoding = 4; lastKnownFileType = sourcecode.c.objc; name = AppController.m; path = src/AppController.m; sourceTree = "<group>"; };
		0A061D7A10F8580B00E88056 /* Breakaway_Prefix.pch */ = {isa = PBXFileReference; fileEncoding = 4; lastKnownFileType = sourcecode.c.h; name = Breakaway_Prefix.pch; path = src/Breakaway_Prefix.pch; sourceTree = "<group>"; };
		0A061D7D10F8580B00E88056 /* defines.m */ = {isa = PBXFileReference; fileEncoding = 4; lastKnownFileType = sourcecode.c.objc; name = defines.m; path = src/defines.m; sourceTree = "<group>"; };
		0A061D7E10F8580B00E88056 /* GrowlNotifier.h */ = {isa = PBXFileReference; fileEncoding = 4; lastKnownFileType = sourcecode.c.h; name = GrowlNotifier.h; path = src/GrowlNotifier.h; sourceTree = "<group>"; };
		0A061D7F10F8580B00E88056 /* GrowlNotifier.m */ = {isa = PBXFileReference; fileEncoding = 4; lastKnownFileType = sourcecode.c.objc; name = GrowlNotifier.m; path = src/GrowlNotifier.m; sourceTree = "<group>"; };
		0A061D8110F8580B00E88056 /* main.m */ = {isa = PBXFileReference; fileEncoding = 4; lastKnownFileType = sourcecode.c.objc; name = main.m; path = src/main.m; sourceTree = "<group>"; };
		0A061D8210F8580B00E88056 /* PreferenceHandler.h */ = {isa = PBXFileReference; fileEncoding = 4; lastKnownFileType = sourcecode.c.h; name = PreferenceHandler.h; path = src/PreferenceHandler.h; sourceTree = "<group>"; };
		0A061D8310F8580B00E88056 /* PreferenceHandler.m */ = {isa = PBXFileReference; fileEncoding = 4; lastKnownFileType = sourcecode.c.objc; name = PreferenceHandler.m; path = src/PreferenceHandler.m; sourceTree = "<group>"; };
		0A061D8410F8580B00E88056 /* PreferencesController.h */ = {isa = PBXFileReference; fileEncoding = 4; lastKnownFileType = sourcecode.c.h; name = PreferencesController.h; path = src/PreferencesController.h; sourceTree = "<group>"; };
		0A061D8510F8580B00E88056 /* PreferencesController.m */ = {isa = PBXFileReference; fileEncoding = 4; lastKnownFileType = sourcecode.c.objc; name = PreferencesController.m; path = src/PreferencesController.m; sourceTree = "<group>"; };
		0A061E1610F8593800E88056 /* English */ = {isa = PBXFileReference; fileEncoding = 4; lastKnownFileType = text.plist.strings; name = English; path = InfoPlist.strings; sourceTree = "<group>"; };
		0A061E1810F8593800E88056 /* English */ = {isa = PBXFileReference; lastKnownFileType = wrapper.nib; name = English; path = MainMenu.nib; sourceTree = "<group>"; };
		0A061E1C10F8593800E88056 /* English */ = {isa = PBXFileReference; lastKnownFileType = wrapper.nib; name = English; path = Preferences.nib; sourceTree = "<group>"; };
		0A061E3210F859C200E88056 /* VLC Plugin-Info.plist */ = {isa = PBXFileReference; fileEncoding = 4; lastKnownFileType = text.plist.xml; name = "VLC Plugin-Info.plist"; path = "resources/plugins/VLC Plugin-Info.plist"; sourceTree = "<group>"; };
		0A061E3310F859C200E88056 /* vlcPlaying */ = {isa = PBXFileReference; fileEncoding = 4; lastKnownFileType = text.script.sh; name = vlcPlaying; path = resources/plugins/vlcPlaying; sourceTree = "<group>"; };
		0A061E3410F859C200E88056 /* VLCPlugin.nib */ = {isa = PBXFileReference; lastKnownFileType = wrapper.nib; name = VLCPlugin.nib; path = resources/plugins/VLCPlugin.nib; sourceTree = "<group>"; };
		0A061E8E10F85BE100E88056 /* French */ = {isa = PBXFileReference; lastKnownFileType = wrapper.nib; name = French; path = ../French.lproj/Preferences.nib; sourceTree = "<group>"; };
		0A061E8F10F85BED00E88056 /* zh_CN */ = {isa = PBXFileReference; lastKnownFileType = wrapper.nib; name = zh_CN; path = ../zh_CN.lproj/Preferences.nib; sourceTree = "<group>"; };
		0A2B1F5410FBDC6800D28890 /* dsa_pub.pem */ = {isa = PBXFileReference; fileEncoding = 4; lastKnownFileType = text; path = dsa_pub.pem; sourceTree = "<group>"; };
		0A2B1FFA10FC5B8E00D28890 /* update.tiff */ = {isa = PBXFileReference; lastKnownFileType = image.tiff; path = update.tiff; sourceTree = "<group>"; };
		0A45732E0AFFD766007EBF43 /* CoreAudio.framework */ = {isa = PBXFileReference; lastKnownFileType = wrapper.framework; name = CoreAudio.framework; path = /System/Library/Frameworks/CoreAudio.framework; sourceTree = "<absolute>"; };
		0A4611470DF0741B001A579C /* Readme.rtf */ = {isa = PBXFileReference; lastKnownFileType = text.rtf; name = Readme.rtf; path = Docs/Readme.rtf; sourceTree = "<group>"; };
		0A4611490DF07425001A579C /* COPYING.txt */ = {isa = PBXFileReference; fileEncoding = 4; lastKnownFileType = text; name = COPYING.txt; path = Docs/COPYING.txt; sourceTree = "<group>"; };
		0A46114A0DF07425001A579C /* devs log.txt */ = {isa = PBXFileReference; fileEncoding = 4; lastKnownFileType = text; name = "devs log.txt"; path = "Docs/devs log.txt"; sourceTree = "<group>"; };
		0A4D7FE410FE735E00850E00 /* SUHost.h */ = {isa = PBXFileReference; fileEncoding = 4; lastKnownFileType = sourcecode.c.h; name = SUHost.h; path = src/SUHost.h; sourceTree = "<group>"; };
		0A4D7FE510FE735E00850E00 /* SUSystemProfiler.h */ = {isa = PBXFileReference; fileEncoding = 4; lastKnownFileType = sourcecode.c.h; name = SUSystemProfiler.h; path = src/SUSystemProfiler.h; sourceTree = "<group>"; };
		0A55C4880E36D7C200347DB7 /* VLC Plugin.plugin */ = {isa = PBXFileReference; explicitFileType = wrapper.cfbundle; includeInIndex = 0; path = "VLC Plugin.plugin"; sourceTree = BUILT_PRODUCTS_DIR; };
		0A841A480E22DF2400ECF64A /* AppleScriptPlugin.nib */ = {isa = PBXFileReference; lastKnownFileType = wrapper.nib; name = AppleScriptPlugin.nib; path = resources/plugins/AppleScriptPlugin.nib; sourceTree = "<group>"; };
		0A9C81C00E21CA62001B29F6 /* AppleScript Plugin.plugin */ = {isa = PBXFileReference; explicitFileType = wrapper.cfbundle; includeInIndex = 0; path = "AppleScript Plugin.plugin"; sourceTree = BUILT_PRODUCTS_DIR; };
		0A9C81C10E21CA62001B29F6 /* AppleScript Plugin-Info.plist */ = {isa = PBXFileReference; lastKnownFileType = text.plist.xml; name = "AppleScript Plugin-Info.plist"; path = "resources/plugins/AppleScript Plugin-Info.plist"; sourceTree = "<group>"; };
		0AA225F810F994B300401B7A /* connected.png */ = {isa = PBXFileReference; lastKnownFileType = image.png; path = connected.png; sourceTree = "<group>"; };
		0AA225F910F994B300401B7A /* disabled.png */ = {isa = PBXFileReference; lastKnownFileType = image.png; path = disabled.png; sourceTree = "<group>"; };
		0AA225FA10F994B300401B7A /* disconnected.png */ = {isa = PBXFileReference; lastKnownFileType = image.png; path = disconnected.png; sourceTree = "<group>"; };
		0AA225FC10F994B400401B7A /* bg.psd */ = {isa = PBXFileReference; lastKnownFileType = file; path = bg.psd; sourceTree = "<group>"; };
		0AA225FD10F994B400401B7A /* breakaway screenshot.png */ = {isa = PBXFileReference; lastKnownFileType = image.png; path = "breakaway screenshot.png"; sourceTree = "<group>"; };
		0AA225FF10F994B400401B7A /* 15BreakawayIcon.icns */ = {isa = PBXFileReference; lastKnownFileType = image.icns; path = 15BreakawayIcon.icns; sourceTree = "<group>"; };
		0AA2260010F994B400401B7A /* Add.tiff */ = {isa = PBXFileReference; lastKnownFileType = image.tiff; path = Add.tiff; sourceTree = "<group>"; };
		0AA2260110F994B400401B7A /* General Preferences.tiff */ = {isa = PBXFileReference; lastKnownFileType = image.tiff; path = "General Preferences.tiff"; sourceTree = "<group>"; };
		0AA2260210F994B400401B7A /* Get Info.tiff */ = {isa = PBXFileReference; lastKnownFileType = image.tiff; path = "Get Info.tiff"; sourceTree = "<group>"; };
		0AA2260810F994B400401B7A /* 15BreakawayIcon.png */ = {isa = PBXFileReference; lastKnownFileType = image.png; path = 15BreakawayIcon.png; sourceTree = "<group>"; };
		0AA2260A10F994B400401B7A /* connected.png */ = {isa = PBXFileReference; lastKnownFileType = image.png; path = connected.png; sourceTree = "<group>"; };
		0AA2260B10F994B400401B7A /* disabled.png */ = {isa = PBXFileReference; lastKnownFileType = image.png; path = disabled.png; sourceTree = "<group>"; };
		0AA2260C10F994B400401B7A /* disconnected.png */ = {isa = PBXFileReference; lastKnownFileType = image.png; path = disconnected.png; sourceTree = "<group>"; };
		0AA2260D10F994B400401B7A /* icon.icns */ = {isa = PBXFileReference; lastKnownFileType = image.icns; path = icon.icns; sourceTree = "<group>"; };
		0AA2261010F994B400401B7A /* Preview.pdf */ = {isa = PBXFileReference; lastKnownFileType = image.pdf; path = Preview.pdf; sourceTree = "<group>"; };
		0AA2261110F994B400401B7A /* Thumbnail.jpg */ = {isa = PBXFileReference; lastKnownFileType = image.jpeg; path = Thumbnail.jpg; sourceTree = "<group>"; };
		0AA2261210F994B400401B7A /* VectorDesigner */ = {isa = PBXFileReference; lastKnownFileType = file.bplist; path = VectorDesigner; sourceTree = "<group>"; };
		0AA2261310F994B400401B7A /* jack.png */ = {isa = PBXFileReference; lastKnownFileType = image.png; path = jack.png; sourceTree = "<group>"; };
		0AA2261410F994B400401B7A /* jack.psd */ = {isa = PBXFileReference; lastKnownFileType = file; path = jack.psd; sourceTree = "<group>"; };
		0AA2261510F994B400401B7A /* oldIcon.icns */ = {isa = PBXFileReference; lastKnownFileType = image.icns; path = oldIcon.icns; sourceTree = "<group>"; };
		0AA2261610F994B400401B7A /* Network Utility.tiff */ = {isa = PBXFileReference; lastKnownFileType = image.tiff; path = "Network Utility.tiff"; sourceTree = "<group>"; };
		0AA2261710F994B400401B7A /* notfoundover.png */ = {isa = PBXFileReference; lastKnownFileType = image.png; path = notfoundover.png; sourceTree = "<group>"; };
		0AA2261810F994B400401B7A /* plugins.png */ = {isa = PBXFileReference; lastKnownFileType = image.png; path = plugins.png; sourceTree = "<group>"; };
		0AA2261910F994B400401B7A /* Power.tiff */ = {isa = PBXFileReference; lastKnownFileType = image.tiff; path = Power.tiff; sourceTree = "<group>"; };
		0AA2261A10F994B400401B7A /* Remove.tiff */ = {isa = PBXFileReference; lastKnownFileType = image.tiff; path = Remove.tiff; sourceTree = "<group>"; };
		0AA2261B10F994B400401B7A /* Terminal.tiff */ = {isa = PBXFileReference; lastKnownFileType = image.tiff; path = Terminal.tiff; sourceTree = "<group>"; };
		0AA2261C10F994B400401B7A /* Users.tiff */ = {isa = PBXFileReference; lastKnownFileType = image.tiff; path = Users.tiff; sourceTree = "<group>"; };
		0AC67D860F0F2C7500196632 /* Growl.framework */ = {isa = PBXFileReference; lastKnownFileType = wrapper.framework; path = Growl.framework; sourceTree = "<group>"; };
		0AC67D870F0F2C7600196632 /* Sparkle.framework */ = {isa = PBXFileReference; lastKnownFileType = wrapper.framework; path = Sparkle.framework; sourceTree = "<group>"; };
		0ACA9C320B0D297F00610F2A /* DebugUtils.h */ = {isa = PBXFileReference; fileEncoding = 4; lastKnownFileType = sourcecode.c.h; name = DebugUtils.h; path = src/DebugUtils.h; sourceTree = "<group>"; };
		0AF44E370B1229D0007163FE /* Credits.rtf */ = {isa = PBXFileReference; lastKnownFileType = text.rtf; name = Credits.rtf; path = Docs/Credits.rtf; sourceTree = "<group>"; };
		1058C7A1FEA54F0111CA2CBB /* Cocoa.framework */ = {isa = PBXFileReference; lastKnownFileType = wrapper.framework; name = Cocoa.framework; path = /System/Library/Frameworks/Cocoa.framework; sourceTree = "<absolute>"; };
		29B97324FDCFA39411CA2CEA /* AppKit.framework */ = {isa = PBXFileReference; lastKnownFileType = wrapper.framework; name = AppKit.framework; path = /System/Library/Frameworks/AppKit.framework; sourceTree = "<absolute>"; };
		29B97325FDCFA39411CA2CEA /* Foundation.framework */ = {isa = PBXFileReference; lastKnownFileType = wrapper.framework; name = Foundation.framework; path = /System/Library/Frameworks/Foundation.framework; sourceTree = "<absolute>"; };
		8D1107310486CEB800E47090 /* Info.plist */ = {isa = PBXFileReference; fileEncoding = 4; lastKnownFileType = text.plist; path = Info.plist; sourceTree = "<group>"; };
		8D1107320486CEB800E47090 /* Breakaway.app */ = {isa = PBXFileReference; explicitFileType = wrapper.application; includeInIndex = 0; path = Breakaway.app; sourceTree = BUILT_PRODUCTS_DIR; };
/* End PBXFileReference section */

/* Begin PBXFrameworksBuildPhase section */
		0A55C4860E36D7C200347DB7 /* Frameworks */ = {
			isa = PBXFrameworksBuildPhase;
			buildActionMask = 2147483647;
			files = (
			);
			runOnlyForDeploymentPostprocessing = 0;
		};
		0A9C81BE0E21CA62001B29F6 /* Frameworks */ = {
			isa = PBXFrameworksBuildPhase;
			buildActionMask = 2147483647;
			files = (
				0A9C81C80E21CAAD001B29F6 /* Cocoa.framework in Frameworks */,
			);
			runOnlyForDeploymentPostprocessing = 0;
		};
		8D11072E0486CEB800E47090 /* Frameworks */ = {
			isa = PBXFrameworksBuildPhase;
			buildActionMask = 2147483647;
			files = (
				0AA225E210F98E5800401B7A /* Sparkle.framework in Frameworks */,
				0AA225E310F98E5B00401B7A /* Growl.framework in Frameworks */,
				0AA225E610F98E6100401B7A /* ScriptingBridge.framework in Frameworks */,
				0AA225E710F98E6200401B7A /* Cocoa.framework in Frameworks */,
				0AA225E810F98E6300401B7A /* CoreAudio.framework in Frameworks */,
			);
			runOnlyForDeploymentPostprocessing = 0;
		};
/* End PBXFrameworksBuildPhase section */

/* Begin PBXGroup section */
		080E96DDFE201D6D7F000001 /* Classes */ = {
			isa = PBXGroup;
			children = (
				0A4D7FE310FE728700850E00 /* Private Sparkle Headers */,
				0ACA9C320B0D297F00610F2A /* DebugUtils.h */,
				0A061BCD10F7CCD900E88056 /* iTunesBridge.h */,
				0A061D6510F855DC00E88056 /* defines.h */,
				0A061D7D10F8580B00E88056 /* defines.m */,
				0A061D7810F8580B00E88056 /* AppController.h */,
				0A061D7910F8580B00E88056 /* AppController.m */,
				0A061D7410F8580B00E88056 /* AIPluginSelector.h */,
				0A061D7510F8580B00E88056 /* AIPluginSelector.m */,
				0A061D7E10F8580B00E88056 /* GrowlNotifier.h */,
				0A061D7F10F8580B00E88056 /* GrowlNotifier.m */,
				0A061D4810F84D5C00E88056 /* Preferences */,
			);
			name = Classes;
			sourceTree = "<group>";
		};
		0A061D4810F84D5C00E88056 /* Preferences */ = {
			isa = PBXGroup;
			children = (
				0A061D8210F8580B00E88056 /* PreferenceHandler.h */,
				0A061D8310F8580B00E88056 /* PreferenceHandler.m */,
				0A061D8410F8580B00E88056 /* PreferencesController.h */,
				0A061D8510F8580B00E88056 /* PreferencesController.m */,
			);
			name = Preferences;
			sourceTree = "<group>";
		};
		0A061E1410F8593800E88056 /* English.lproj */ = {
			isa = PBXGroup;
			children = (
				0A061E1510F8593800E88056 /* InfoPlist.strings */,
				0A061E1710F8593800E88056 /* MainMenu.nib */,
				0A061E8C10F85BDB00E88056 /* Preferences.nib */,
			);
			name = English.lproj;
			path = resources/English.lproj;
			sourceTree = "<group>";
		};
		0A4D7FE310FE728700850E00 /* Private Sparkle Headers */ = {
			isa = PBXGroup;
			children = (
				0A4D7FE410FE735E00850E00 /* SUHost.h */,
				0A4D7FE510FE735E00850E00 /* SUSystemProfiler.h */,
			);
			name = "Private Sparkle Headers";
			sourceTree = "<group>";
		};
		0A55C4770E36D77400347DB7 /* VLC Plugin */ = {
			isa = PBXGroup;
			children = (
				0A061E3310F859C200E88056 /* vlcPlaying */,
				0A061E3210F859C200E88056 /* VLC Plugin-Info.plist */,
				0A061E3410F859C200E88056 /* VLCPlugin.nib */,
				0A061D7610F8580B00E88056 /* AIVLCPlugin.h */,
				0A061D7710F8580B00E88056 /* AIVLCPlugin.m */,
			);
			name = "VLC Plugin";
			sourceTree = "<group>";
		};
		0A55C48F0E36D7FF00347DB7 /* Plugins */ = {
			isa = PBXGroup;
			children = (
				0A061D7210F8580B00E88056 /* AIPluginControllerProtocol.h */,
				0A061D7310F8580B00E88056 /* AIPluginProtocol.h */,
				0A55C4770E36D77400347DB7 /* VLC Plugin */,
				0A9C81B70E21C87D001B29F6 /* AppleScript Plugin */,
			);
			name = Plugins;
			sourceTree = "<group>";
		};
		0A83B35C0E55AC6A00B2227C /* Resources */ = {
			isa = PBXGroup;
			children = (
				0A9C81C10E21CA62001B29F6 /* AppleScript Plugin-Info.plist */,
				0A841A480E22DF2400ECF64A /* AppleScriptPlugin.nib */,
			);
			name = Resources;
			sourceTree = "<group>";
		};
		0A83B35D0E55AC7D00B2227C /* Source */ = {
			isa = PBXGroup;
			children = (
				0A061D6E10F8580B00E88056 /* AIAppleScriptPluginController.h */,
				0A061D6F10F8580B00E88056 /* AIAppleScriptPluginController.m */,
				0A061D6C10F8580B00E88056 /* AIAppleScriptPlugin.h */,
				0A061D6D10F8580B00E88056 /* AIAppleScriptPlugin.m */,
				0A061D7010F8580B00E88056 /* AIDropWell.h */,
				0A061D7110F8580B00E88056 /* AIDropWell.m */,
			);
			name = Source;
			sourceTree = "<group>";
		};
		0A9C81B70E21C87D001B29F6 /* AppleScript Plugin */ = {
			isa = PBXGroup;
			children = (
				0A83B35D0E55AC7D00B2227C /* Source */,
				0A83B35C0E55AC6A00B2227C /* Resources */,
			);
			name = "AppleScript Plugin";
			sourceTree = "<group>";
		};
		0AA225F510F994B300401B7A /* images */ = {
			isa = PBXGroup;
			children = (
				0AA225F710F994B300401B7A /* menuExtra */,
				0AA225FB10F994B400401B7A /* old */,
				0AA225FE10F994B400401B7A /* ui */,
			);
			name = images;
			path = resources/images;
			sourceTree = "<group>";
		};
		0AA225F710F994B300401B7A /* menuExtra */ = {
			isa = PBXGroup;
			children = (
				0AA225F810F994B300401B7A /* connected.png */,
				0AA225F910F994B300401B7A /* disabled.png */,
				0AA225FA10F994B300401B7A /* disconnected.png */,
			);
			path = menuExtra;
			sourceTree = "<group>";
		};
		0AA225FB10F994B400401B7A /* old */ = {
			isa = PBXGroup;
			children = (
				0AA225FC10F994B400401B7A /* bg.psd */,
				0AA225FD10F994B400401B7A /* breakaway screenshot.png */,
			);
			path = old;
			sourceTree = "<group>";
		};
		0AA225FE10F994B400401B7A /* ui */ = {
			isa = PBXGroup;
			children = (
				0A2B1FFA10FC5B8E00D28890 /* update.tiff */,
				0AA225FF10F994B400401B7A /* 15BreakawayIcon.icns */,
				0AA2260010F994B400401B7A /* Add.tiff */,
				0AA2260110F994B400401B7A /* General Preferences.tiff */,
				0AA2260210F994B400401B7A /* Get Info.tiff */,
				0AA2260310F994B400401B7A /* icons */,
				0AA2261610F994B400401B7A /* Network Utility.tiff */,
				0AA2261710F994B400401B7A /* notfoundover.png */,
				0AA2261810F994B400401B7A /* plugins.png */,
				0AA2261910F994B400401B7A /* Power.tiff */,
				0AA2261A10F994B400401B7A /* Remove.tiff */,
				0AA2261B10F994B400401B7A /* Terminal.tiff */,
				0AA2261C10F994B400401B7A /* Users.tiff */,
			);
			path = ui;
			sourceTree = "<group>";
		};
		0AA2260310F994B400401B7A /* icons */ = {
			isa = PBXGroup;
			children = (
				0AA2260410F994B400401B7A /* fullSize menu icons */,
				0AA2260510F994B400401B7A /* icon.vdesigner */,
				0AA2260710F994B400401B7A /* src */,
			);
			path = icons;
			sourceTree = "<group>";
		};
		0AA2260410F994B400401B7A /* fullSize menu icons */ = {
			isa = PBXGroup;
			children = (
			);
			path = "fullSize menu icons";
			sourceTree = "<group>";
		};
		0AA2260510F994B400401B7A /* icon.vdesigner */ = {
			isa = PBXGroup;
			children = (
				0AA2260610F994B400401B7A /* QuickLook */,
			);
			path = icon.vdesigner;
			sourceTree = "<group>";
		};
		0AA2260610F994B400401B7A /* QuickLook */ = {
			isa = PBXGroup;
			children = (
			);
			path = QuickLook;
			sourceTree = "<group>";
		};
		0AA2260710F994B400401B7A /* src */ = {
			isa = PBXGroup;
			children = (
				0AA2260810F994B400401B7A /* 15BreakawayIcon.png */,
				0AA2260910F994B400401B7A /* fullSize menu icons */,
				0AA2260D10F994B400401B7A /* icon.icns */,
				0AA2260E10F994B400401B7A /* icon.vdesigner */,
				0AA2261310F994B400401B7A /* jack.png */,
				0AA2261410F994B400401B7A /* jack.psd */,
				0AA2261510F994B400401B7A /* oldIcon.icns */,
			);
			path = src;
			sourceTree = "<group>";
		};
		0AA2260910F994B400401B7A /* fullSize menu icons */ = {
			isa = PBXGroup;
			children = (
				0AA2260A10F994B400401B7A /* connected.png */,
				0AA2260B10F994B400401B7A /* disabled.png */,
				0AA2260C10F994B400401B7A /* disconnected.png */,
			);
			path = "fullSize menu icons";
			sourceTree = "<group>";
		};
		0AA2260E10F994B400401B7A /* icon.vdesigner */ = {
			isa = PBXGroup;
			children = (
				0AA2260F10F994B400401B7A /* QuickLook */,
				0AA2261210F994B400401B7A /* VectorDesigner */,
			);
			path = icon.vdesigner;
			sourceTree = "<group>";
		};
		0AA2260F10F994B400401B7A /* QuickLook */ = {
			isa = PBXGroup;
			children = (
				0AA2261010F994B400401B7A /* Preview.pdf */,
				0AA2261110F994B400401B7A /* Thumbnail.jpg */,
			);
			path = QuickLook;
			sourceTree = "<group>";
		};
		0AD0B2910B183C790021CC15 /* Docs */ = {
			isa = PBXGroup;
			children = (
				0A46114A0DF07425001A579C /* devs log.txt */,
				0A4611470DF0741B001A579C /* Readme.rtf */,
				0AF44E370B1229D0007163FE /* Credits.rtf */,
				0A4611490DF07425001A579C /* COPYING.txt */,
			);
			name = Docs;
			sourceTree = "<group>";
		};
		1058C7A0FEA54F0111CA2CBB /* Linked Frameworks */ = {
			isa = PBXGroup;
			children = (
				1058C7A1FEA54F0111CA2CBB /* Cocoa.framework */,
				0A45732E0AFFD766007EBF43 /* CoreAudio.framework */,
				0A061AFB10F7C8C200E88056 /* ScriptingBridge.framework */,
				0AC67D860F0F2C7500196632 /* Growl.framework */,
				0AC67D870F0F2C7600196632 /* Sparkle.framework */,
			);
			name = "Linked Frameworks";
			sourceTree = "<group>";
		};
		1058C7A2FEA54F0111CA2CBB /* Other Frameworks */ = {
			isa = PBXGroup;
			children = (
				29B97324FDCFA39411CA2CEA /* AppKit.framework */,
				29B97325FDCFA39411CA2CEA /* Foundation.framework */,
			);
			name = "Other Frameworks";
			sourceTree = "<group>";
		};
		19C28FACFE9D520D11CA2CBB /* Products */ = {
			isa = PBXGroup;
			children = (
				8D1107320486CEB800E47090 /* Breakaway.app */,
				0A9C81C00E21CA62001B29F6 /* AppleScript Plugin.plugin */,
				0A55C4880E36D7C200347DB7 /* VLC Plugin.plugin */,
			);
			name = Products;
			sourceTree = "<group>";
		};
		29B97314FDCFA39411CA2CEA /* Breakaway */ = {
			isa = PBXGroup;
			children = (
				080E96DDFE201D6D7F000001 /* Classes */,
				0A55C48F0E36D7FF00347DB7 /* Plugins */,
				29B97315FDCFA39411CA2CEA /* Other Sources */,
				0AD0B2910B183C790021CC15 /* Docs */,
				29B97317FDCFA39411CA2CEA /* Resources */,
				29B97323FDCFA39411CA2CEA /* Frameworks */,
				19C28FACFE9D520D11CA2CBB /* Products */,
			);
			name = Breakaway;
			sourceTree = "<group>";
		};
		29B97315FDCFA39411CA2CEA /* Other Sources */ = {
			isa = PBXGroup;
			children = (
				0A061D7A10F8580B00E88056 /* Breakaway_Prefix.pch */,
				0A061D8110F8580B00E88056 /* main.m */,
			);
			name = "Other Sources";
			sourceTree = "<group>";
		};
		29B97317FDCFA39411CA2CEA /* Resources */ = {
			isa = PBXGroup;
			children = (
				0A2B1F5410FBDC6800D28890 /* dsa_pub.pem */,
				0AA225F510F994B300401B7A /* images */,
				0A061E1410F8593800E88056 /* English.lproj */,
				8D1107310486CEB800E47090 /* Info.plist */,
			);
			name = Resources;
			sourceTree = "<group>";
		};
		29B97323FDCFA39411CA2CEA /* Frameworks */ = {
			isa = PBXGroup;
			children = (
				1058C7A0FEA54F0111CA2CBB /* Linked Frameworks */,
				1058C7A2FEA54F0111CA2CBB /* Other Frameworks */,
			);
			name = Frameworks;
			sourceTree = "<group>";
		};
/* End PBXGroup section */

/* Begin PBXHeadersBuildPhase section */
		0A55C4C50E36EC5B00347DB7 /* Headers */ = {
			isa = PBXHeadersBuildPhase;
			buildActionMask = 2147483647;
			files = (
				0AA225BE10F98CFE00401B7A /* AIAppleScriptPluginController.h in Headers */,
				0AA225BF10F98D0100401B7A /* AIPluginProtocol.h in Headers */,
				0AA225C110F98D1000401B7A /* AIVLCPlugin.h in Headers */,
			);
			runOnlyForDeploymentPostprocessing = 0;
		};
		0A9C81CF0E21CB35001B29F6 /* Headers */ = {
			isa = PBXHeadersBuildPhase;
			buildActionMask = 2147483647;
			files = (
				0AA225C610F98D3000401B7A /* AIAppleScriptPlugin.h in Headers */,
				0AA225C810F98D3100401B7A /* AIAppleScriptPluginController.h in Headers */,
				0AA225CA10F98D3100401B7A /* AIDropWell.h in Headers */,
			);
			runOnlyForDeploymentPostprocessing = 0;
		};
		0A9C82270E21D2FD001B29F6 /* Headers */ = {
			isa = PBXHeadersBuildPhase;
			buildActionMask = 2147483647;
			files = (
				0A061BCE10F7CCD900E88056 /* iTunesBridge.h in Headers */,
				0A061D6610F855DC00E88056 /* defines.h in Headers */,
				0A061D8C10F8580B00E88056 /* AIPluginControllerProtocol.h in Headers */,
				0A061D8D10F8580B00E88056 /* AIPluginProtocol.h in Headers */,
				0A061D8E10F8580B00E88056 /* AIPluginSelector.h in Headers */,
				0A061D9210F8580B00E88056 /* AppController.h in Headers */,
				0A061D9410F8580B00E88056 /* Breakaway_Prefix.pch in Headers */,
				0A061D9810F8580B00E88056 /* GrowlNotifier.h in Headers */,
				0A061D9C10F8580B00E88056 /* PreferenceHandler.h in Headers */,
				0A061D9E10F8580B00E88056 /* PreferencesController.h in Headers */,
				0AA225CC10F98D8D00401B7A /* DebugUtils.h in Headers */,
				0A4D7FE610FE735E00850E00 /* SUHost.h in Headers */,
				0A4D7FE710FE735E00850E00 /* SUSystemProfiler.h in Headers */,
			);
			runOnlyForDeploymentPostprocessing = 0;
		};
/* End PBXHeadersBuildPhase section */

/* Begin PBXNativeTarget section */
		0A55C4870E36D7C200347DB7 /* VLC Plugin */ = {
			isa = PBXNativeTarget;
			buildConfigurationList = 0A55C48E0E36D7C300347DB7 /* Build configuration list for PBXNativeTarget "VLC Plugin" */;
			buildPhases = (
				0A55C4840E36D7C200347DB7 /* Resources */,
				0A55C4850E36D7C200347DB7 /* Sources */,
				0A55C4860E36D7C200347DB7 /* Frameworks */,
				0A55C4C50E36EC5B00347DB7 /* Headers */,
			);
			buildRules = (
			);
			dependencies = (
			);
			name = "VLC Plugin";
			productName = "VLC Plugin";
			productReference = 0A55C4880E36D7C200347DB7 /* VLC Plugin.plugin */;
			productType = "com.apple.product-type.bundle";
		};
		0A9C81BF0E21CA62001B29F6 /* AppleScript Plugin */ = {
			isa = PBXNativeTarget;
			buildConfigurationList = 0A9C81C60E21CA62001B29F6 /* Build configuration list for PBXNativeTarget "AppleScript Plugin" */;
			buildPhases = (
				0A9C81CF0E21CB35001B29F6 /* Headers */,
				0A9C81BC0E21CA62001B29F6 /* Resources */,
				0A9C81BD0E21CA62001B29F6 /* Sources */,
				0A9C81BE0E21CA62001B29F6 /* Frameworks */,
			);
			buildRules = (
			);
			dependencies = (
			);
			name = "AppleScript Plugin";
			productName = "AppleScript Plugin";
			productReference = 0A9C81C00E21CA62001B29F6 /* AppleScript Plugin.plugin */;
			productType = "com.apple.product-type.bundle";
		};
		8D1107260486CEB800E47090 /* Breakaway */ = {
			isa = PBXNativeTarget;
			buildConfigurationList = C01FCF4A08A954540054247B /* Build configuration list for PBXNativeTarget "Breakaway" */;
			buildPhases = (
				0A9C82270E21D2FD001B29F6 /* Headers */,
				8D1107290486CEB800E47090 /* Resources */,
				8D11072C0486CEB800E47090 /* Sources */,
				8D11072E0486CEB800E47090 /* Frameworks */,
				0A2B1F4D10FBDB3100D28890 /* CopyFiles */,
			);
			buildRules = (
			);
			dependencies = (
				0AA225BB10F98CCD00401B7A /* PBXTargetDependency */,
				0AA225BD10F98CD200401B7A /* PBXTargetDependency */,
			);
			name = Breakaway;
			productInstallPath = "$(HOME)/Applications";
			productName = Breakaway;
			productReference = 8D1107320486CEB800E47090 /* Breakaway.app */;
			productType = "com.apple.product-type.application";
		};
/* End PBXNativeTarget section */

/* Begin PBXProject section */
		29B97313FDCFA39411CA2CEA /* Project object */ = {
			isa = PBXProject;
			attributes = {
				ORGANIZATIONNAME = MutableCode;
			};
			buildConfigurationList = C01FCF4E08A954540054247B /* Build configuration list for PBXProject "Breakaway" */;
			compatibilityVersion = "Xcode 2.4";
			hasScannedForEncodings = 1;
			knownRegions = (
				English,
				Japanese,
				French,
				German,
				Test,
				Spanish,
				"Chinese (simplified)",
				zh_CN,
				Dutch,
			);
			mainGroup = 29B97314FDCFA39411CA2CEA /* Breakaway */;
			projectDirPath = "";
			projectRoot = "";
			targets = (
				8D1107260486CEB800E47090 /* Breakaway */,
				0A9C81BF0E21CA62001B29F6 /* AppleScript Plugin */,
				0A55C4870E36D7C200347DB7 /* VLC Plugin */,
			);
		};
/* End PBXProject section */

/* Begin PBXResourcesBuildPhase section */
		0A55C4840E36D7C200347DB7 /* Resources */ = {
			isa = PBXResourcesBuildPhase;
			buildActionMask = 2147483647;
			files = (
				0A061E5110F85A8D00E88056 /* VLCPlugin.nib in Resources */,
			);
			runOnlyForDeploymentPostprocessing = 0;
		};
		0A9C81BC0E21CA62001B29F6 /* Resources */ = {
			isa = PBXResourcesBuildPhase;
			buildActionMask = 2147483647;
			files = (
				0A841A490E22DF2400ECF64A /* AppleScriptPlugin.nib in Resources */,
			);
			runOnlyForDeploymentPostprocessing = 0;
		};
		8D1107290486CEB800E47090 /* Resources */ = {
			isa = PBXResourcesBuildPhase;
			buildActionMask = 2147483647;
			files = (
				0AF44E380B1229D0007163FE /* Credits.rtf in Resources */,
				0A4611480DF0741B001A579C /* Readme.rtf in Resources */,
				0A46114B0DF07425001A579C /* COPYING.txt in Resources */,
				0A46114C0DF07425001A579C /* devs log.txt in Resources */,
				0A061E1D10F8593800E88056 /* InfoPlist.strings in Resources */,
				0A061E1E10F8593800E88056 /* MainMenu.nib in Resources */,
				0A061E8D10F85BDB00E88056 /* Preferences.nib in Resources */,
				0AA2261D10F994B400401B7A /* connected.png in Resources */,
				0AA2261E10F994B400401B7A /* disabled.png in Resources */,
				0AA2261F10F994B400401B7A /* disconnected.png in Resources */,
				0AA2262210F994B400401B7A /* 15BreakawayIcon.icns in Resources */,
				0AA2262310F994B400401B7A /* Add.tiff in Resources */,
				0AA2262410F994B400401B7A /* General Preferences.tiff in Resources */,
				0AA2262510F994B400401B7A /* Get Info.tiff in Resources */,
				0AA2263110F994B400401B7A /* Network Utility.tiff in Resources */,
				0AA2263210F994B400401B7A /* notfoundover.png in Resources */,
				0AA2263310F994B400401B7A /* plugins.png in Resources */,
				0AA2263410F994B400401B7A /* Power.tiff in Resources */,
				0AA2263510F994B400401B7A /* Remove.tiff in Resources */,
				0AA2263710F994B400401B7A /* Users.tiff in Resources */,
				0A2B1F5510FBDC6800D28890 /* dsa_pub.pem in Resources */,
				0A2B1FFB10FC5B8E00D28890 /* update.tiff in Resources */,
			);
			runOnlyForDeploymentPostprocessing = 0;
		};
/* End PBXResourcesBuildPhase section */

/* Begin PBXSourcesBuildPhase section */
		0A55C4850E36D7C200347DB7 /* Sources */ = {
			isa = PBXSourcesBuildPhase;
			buildActionMask = 2147483647;
			files = (
				0AA225C010F98D0E00401B7A /* AIVLCPlugin.m in Sources */,
			);
			runOnlyForDeploymentPostprocessing = 0;
		};
		0A9C81BD0E21CA62001B29F6 /* Sources */ = {
			isa = PBXSourcesBuildPhase;
			buildActionMask = 2147483647;
			files = (
				0AA225C510F98D2D00401B7A /* AIAppleScriptPlugin.m in Sources */,
				0AA225C710F98D3000401B7A /* AIDropWell.m in Sources */,
				0AA225C910F98D3100401B7A /* AIAppleScriptPluginController.m in Sources */,
			);
			runOnlyForDeploymentPostprocessing = 0;
		};
		8D11072C0486CEB800E47090 /* Sources */ = {
			isa = PBXSourcesBuildPhase;
			buildActionMask = 2147483647;
			files = (
				0A061D8F10F8580B00E88056 /* AIPluginSelector.m in Sources */,
				0A061D9310F8580B00E88056 /* AppController.m in Sources */,
				0A061D9710F8580B00E88056 /* defines.m in Sources */,
				0A061D9910F8580B00E88056 /* GrowlNotifier.m in Sources */,
				0A061D9B10F8580B00E88056 /* main.m in Sources */,
				0A061D9D10F8580B00E88056 /* PreferenceHandler.m in Sources */,
				0A061D9F10F8580B00E88056 /* PreferencesController.m in Sources */,
			);
			runOnlyForDeploymentPostprocessing = 0;
		};
/* End PBXSourcesBuildPhase section */

/* Begin PBXTargetDependency section */
		0AA225BB10F98CCD00401B7A /* PBXTargetDependency */ = {
			isa = PBXTargetDependency;
			target = 0A9C81BF0E21CA62001B29F6 /* AppleScript Plugin */;
			targetProxy = 0AA225BA10F98CCD00401B7A /* PBXContainerItemProxy */;
		};
		0AA225BD10F98CD200401B7A /* PBXTargetDependency */ = {
			isa = PBXTargetDependency;
			target = 0A55C4870E36D7C200347DB7 /* VLC Plugin */;
			targetProxy = 0AA225BC10F98CD200401B7A /* PBXContainerItemProxy */;
		};
/* End PBXTargetDependency section */

/* Begin PBXVariantGroup section */
		0A061E1510F8593800E88056 /* InfoPlist.strings */ = {
			isa = PBXVariantGroup;
			children = (
				0A061E1610F8593800E88056 /* English */,
			);
			name = InfoPlist.strings;
			sourceTree = "<group>";
		};
		0A061E1710F8593800E88056 /* MainMenu.nib */ = {
			isa = PBXVariantGroup;
			children = (
				0A061E1810F8593800E88056 /* English */,
			);
			name = MainMenu.nib;
			sourceTree = "<group>";
		};
		0A061E8C10F85BDB00E88056 /* Preferences.nib */ = {
			isa = PBXVariantGroup;
			children = (
				0A061E1C10F8593800E88056 /* English */,
				0A061E8E10F85BE100E88056 /* French */,
				0A061E8F10F85BED00E88056 /* zh_CN */,
			);
			name = Preferences.nib;
			sourceTree = "<group>";
		};
/* End PBXVariantGroup section */

/* Begin XCBuildConfiguration section */
		0A55C48A0E36D7C300347DB7 /* Debug */ = {
			isa = XCBuildConfiguration;
			buildSettings = {
				COPY_PHASE_STRIP = NO;
				GCC_DYNAMIC_NO_PIC = NO;
				GCC_ENABLE_FIX_AND_CONTINUE = YES;
				GCC_MODEL_TUNING = G5;
				GCC_OPTIMIZATION_LEVEL = 0;
				GCC_PRECOMPILE_PREFIX_HEADER = YES;
				GCC_PREFIX_HEADER = "$(SYSTEM_LIBRARY_DIR)/Frameworks/AppKit.framework/Headers/AppKit.h";
				INFOPLIST_FILE = "resources/plugins/VLC Plugin-Info.plist";
				INSTALL_PATH = "$(HOME)/Library/Bundles";
				OTHER_LDFLAGS = (
					"-framework",
					Foundation,
					"-framework",
					AppKit,
				);
				PREBINDING = NO;
				PRODUCT_NAME = "VLC Plugin";
				RUN_CLANG_STATIC_ANALYZER = YES;
				WRAPPER_EXTENSION = plugin;
				ZERO_LINK = YES;
			};
			name = Debug;
		};
		0A55C48B0E36D7C300347DB7 /* Debug (no Logs) */ = {
			isa = XCBuildConfiguration;
			buildSettings = {
				GCC_ENABLE_FIX_AND_CONTINUE = YES;
				GCC_MODEL_TUNING = G5;
				GCC_PRECOMPILE_PREFIX_HEADER = YES;
				GCC_PREFIX_HEADER = "$(SYSTEM_LIBRARY_DIR)/Frameworks/AppKit.framework/Headers/AppKit.h";
				INFOPLIST_FILE = "resources/plugins/VLC Plugin-Info.plist";
				INSTALL_PATH = "$(HOME)/Library/Bundles";
				OTHER_LDFLAGS = (
					"-framework",
					Foundation,
					"-framework",
					AppKit,
				);
				PREBINDING = NO;
				PRODUCT_NAME = "VLC Plugin";
				RUN_CLANG_STATIC_ANALYZER = YES;
				WRAPPER_EXTENSION = plugin;
				ZERO_LINK = YES;
			};
			name = "Debug (no Logs)";
		};
		0A55C48C0E36D7C300347DB7 /* Release */ = {
			isa = XCBuildConfiguration;
			buildSettings = {
				COPY_PHASE_STRIP = YES;
				DEBUG_INFORMATION_FORMAT = "dwarf-with-dsym";
				GCC_ENABLE_FIX_AND_CONTINUE = NO;
				GCC_MODEL_TUNING = G5;
				GCC_PRECOMPILE_PREFIX_HEADER = YES;
				GCC_PREFIX_HEADER = "$(SYSTEM_LIBRARY_DIR)/Frameworks/AppKit.framework/Headers/AppKit.h";
				INFOPLIST_FILE = "resources/plugins/VLC Plugin-Info.plist";
				INSTALL_PATH = "$(HOME)/Library/Bundles";
				OTHER_LDFLAGS = (
					"-framework",
					Foundation,
					"-framework",
					AppKit,
				);
				PREBINDING = NO;
				PRODUCT_NAME = "VLC Plugin";
				RUN_CLANG_STATIC_ANALYZER = YES;
				WRAPPER_EXTENSION = plugin;
				ZERO_LINK = NO;
			};
			name = Release;
		};
		0A55C48D0E36D7C300347DB7 /* Release (Logs) */ = {
			isa = XCBuildConfiguration;
			buildSettings = {
				GCC_ENABLE_FIX_AND_CONTINUE = YES;
				GCC_MODEL_TUNING = G5;
				GCC_PRECOMPILE_PREFIX_HEADER = YES;
				GCC_PREFIX_HEADER = "$(SYSTEM_LIBRARY_DIR)/Frameworks/AppKit.framework/Headers/AppKit.h";
				INFOPLIST_FILE = "resources/plugins/VLC Plugin-Info.plist";
				INSTALL_PATH = "$(HOME)/Library/Bundles";
				OTHER_LDFLAGS = (
					"-framework",
					Foundation,
					"-framework",
					AppKit,
				);
				PREBINDING = NO;
				PRODUCT_NAME = "VLC Plugin";
				RUN_CLANG_STATIC_ANALYZER = YES;
				WRAPPER_EXTENSION = plugin;
				ZERO_LINK = YES;
			};
			name = "Release (Logs)";
		};
		0A9C81C20E21CA62001B29F6 /* Debug */ = {
			isa = XCBuildConfiguration;
			buildSettings = {
				COPY_PHASE_STRIP = NO;
				GCC_DYNAMIC_NO_PIC = NO;
				GCC_ENABLE_FIX_AND_CONTINUE = YES;
				GCC_MODEL_TUNING = G5;
				GCC_OPTIMIZATION_LEVEL = 0;
				GCC_PRECOMPILE_PREFIX_HEADER = YES;
				GCC_PREFIX_HEADER = "$(SYSTEM_LIBRARY_DIR)/Frameworks/AppKit.framework/Headers/AppKit.h";
				INFOPLIST_FILE = "resources/plugins/AppleScript Plugin-Info.plist";
				INSTALL_PATH = "$(HOME)/Library/Bundles";
				OTHER_LDFLAGS = (
					"-framework",
					Foundation,
					"-framework",
					AppKit,
				);
				PREBINDING = NO;
				PRODUCT_NAME = "AppleScript Plugin";
				RUN_CLANG_STATIC_ANALYZER = YES;
				WRAPPER_EXTENSION = plugin;
				ZERO_LINK = YES;
			};
			name = Debug;
		};
		0A9C81C30E21CA62001B29F6 /* Debug (no Logs) */ = {
			isa = XCBuildConfiguration;
			buildSettings = {
				GCC_ENABLE_FIX_AND_CONTINUE = YES;
				GCC_MODEL_TUNING = G5;
				GCC_PRECOMPILE_PREFIX_HEADER = YES;
				GCC_PREFIX_HEADER = "$(SYSTEM_LIBRARY_DIR)/Frameworks/AppKit.framework/Headers/AppKit.h";
				INFOPLIST_FILE = "resources/plugins/AppleScript Plugin-Info.plist";
				INSTALL_PATH = "$(HOME)/Library/Bundles";
				OTHER_LDFLAGS = (
					"-framework",
					Foundation,
					"-framework",
					AppKit,
				);
				PREBINDING = NO;
				PRODUCT_NAME = "AppleScript Plugin";
				RUN_CLANG_STATIC_ANALYZER = YES;
				WRAPPER_EXTENSION = plugin;
				ZERO_LINK = YES;
			};
			name = "Debug (no Logs)";
		};
		0A9C81C40E21CA62001B29F6 /* Release */ = {
			isa = XCBuildConfiguration;
			buildSettings = {
				COPY_PHASE_STRIP = YES;
				DEBUG_INFORMATION_FORMAT = "dwarf-with-dsym";
				GCC_ENABLE_FIX_AND_CONTINUE = NO;
				GCC_MODEL_TUNING = G5;
				GCC_PRECOMPILE_PREFIX_HEADER = YES;
				GCC_PREFIX_HEADER = "$(SYSTEM_LIBRARY_DIR)/Frameworks/AppKit.framework/Headers/AppKit.h";
				INFOPLIST_FILE = "resources/plugins/AppleScript Plugin-Info.plist";
				INSTALL_PATH = "$(HOME)/Library/Bundles";
				OTHER_LDFLAGS = (
					"-framework",
					Foundation,
					"-framework",
					AppKit,
				);
				PREBINDING = NO;
				PRODUCT_NAME = "AppleScript Plugin";
				RUN_CLANG_STATIC_ANALYZER = YES;
				WRAPPER_EXTENSION = plugin;
				ZERO_LINK = NO;
			};
			name = Release;
		};
		0A9C81C50E21CA62001B29F6 /* Release (Logs) */ = {
			isa = XCBuildConfiguration;
			buildSettings = {
				GCC_ENABLE_FIX_AND_CONTINUE = YES;
				GCC_MODEL_TUNING = G5;
				GCC_PRECOMPILE_PREFIX_HEADER = YES;
				GCC_PREFIX_HEADER = "$(SYSTEM_LIBRARY_DIR)/Frameworks/AppKit.framework/Headers/AppKit.h";
				INFOPLIST_FILE = "resources/plugins/AppleScript Plugin-Info.plist";
				INSTALL_PATH = "$(HOME)/Library/Bundles";
				OTHER_LDFLAGS = (
					"-framework",
					Foundation,
					"-framework",
					AppKit,
				);
				PREBINDING = NO;
				PRODUCT_NAME = "AppleScript Plugin";
				RUN_CLANG_STATIC_ANALYZER = YES;
				WRAPPER_EXTENSION = plugin;
				ZERO_LINK = YES;
			};
			name = "Release (Logs)";
		};
		0A9CA8C70B0D5FD900D358FA /* Debug (no Logs) */ = {
			isa = XCBuildConfiguration;
			buildSettings = {
				ARCHS = "$(ARCHS_STANDARD_32_BIT_PRE_XCODE_3_1)";
				ARCHS_STANDARD_32_BIT_PRE_XCODE_3_1 = "ppc i386";
				COPY_PHASE_STRIP = NO;
				FRAMEWORK_SEARCH_PATHS = (
					"$(inherited)",
					"$(FRAMEWORK_SEARCH_PATHS_QUOTED_1)",
					"$(FRAMEWORK_SEARCH_PATHS_QUOTED_2)",
					"$(FRAMEWORK_SEARCH_PATHS_QUOTED_3)",
					"$(FRAMEWORK_SEARCH_PATHS_QUOTED_FOR_TARGET_1)",
					"$(FRAMEWORK_SEARCH_PATHS_QUOTED_FOR_TARGET_2)",
					"$(FRAMEWORK_SEARCH_PATHS_QUOTED_FOR_TARGET_3)",
					"$(FRAMEWORK_SEARCH_PATHS_QUOTED_FOR_TARGET_4)",
					"$(FRAMEWORK_SEARCH_PATHS_QUOTED_FOR_TARGET_5)",
				);
				FRAMEWORK_SEARCH_PATHS_QUOTED_1 = "\"$(SYSTEM_LIBRARY_DIR)/PrivateFrameworks\"";
				FRAMEWORK_SEARCH_PATHS_QUOTED_2 = "\"$(SRCROOT)\"";
				FRAMEWORK_SEARCH_PATHS_QUOTED_3 = "\"$(SRCROOT)\"";
				FRAMEWORK_SEARCH_PATHS_QUOTED_FOR_TARGET_1 = "\"$(SRCROOT)\"";
				FRAMEWORK_SEARCH_PATHS_QUOTED_FOR_TARGET_2 = "\"$(SRCROOT)\"";
				FRAMEWORK_SEARCH_PATHS_QUOTED_FOR_TARGET_3 = "\"$(SRCROOT)\"";
				FRAMEWORK_SEARCH_PATHS_QUOTED_FOR_TARGET_4 = "\"$(SRCROOT)\"";
				FRAMEWORK_SEARCH_PATHS_QUOTED_FOR_TARGET_5 = "\"$(SRCROOT)\"";
				GCC_DYNAMIC_NO_PIC = NO;
				GCC_ENABLE_FIX_AND_CONTINUE = YES;
				GCC_MODEL_TUNING = G5;
				GCC_OPTIMIZATION_LEVEL = 0;
				INFOPLIST_FILE = Info.plist;
				INSTALL_PATH = "$(HOME)/Applications";
				OTHER_CFLAGS = "-DDEBUG=0";
				PRODUCT_NAME = Breakaway;
				RUN_CLANG_STATIC_ANALYZER = YES;
				SDKROOT = /Developer/SDKs/MacOSX10.5.sdk;
				WRAPPER_EXTENSION = app;
				ZERO_LINK = NO;
			};
			name = "Debug (no Logs)";
		};
		0A9CA8C80B0D5FD900D358FA /* Debug (no Logs) */ = {
			isa = XCBuildConfiguration;
			buildSettings = {
				GCC_DEBUGGING_SYMBOLS = full;
				GCC_WARN_ABOUT_RETURN_TYPE = YES;
				GCC_WARN_UNUSED_VARIABLE = YES;
				OTHER_CFLAGS = "-DMY_DEBUG_FLAG=0";
				PREBINDING = NO;
				SDKROOT = /Developer/SDKs/MacOSX10.5.sdk;
			};
			name = "Debug (no Logs)";
		};
		0AAB58BD0B199DA5005B1E69 /* Release (Logs) */ = {
			isa = XCBuildConfiguration;
			buildSettings = {
				ARCHS = "$(ARCHS_STANDARD_32_BIT_PRE_XCODE_3_1)";
				ARCHS_STANDARD_32_BIT_PRE_XCODE_3_1 = "ppc i386";
				FRAMEWORK_SEARCH_PATHS = (
					"$(inherited)",
					"$(FRAMEWORK_SEARCH_PATHS_QUOTED_1)",
					"$(FRAMEWORK_SEARCH_PATHS_QUOTED_2)",
					"$(FRAMEWORK_SEARCH_PATHS_QUOTED_3)",
					"$(FRAMEWORK_SEARCH_PATHS_QUOTED_FOR_TARGET_1)",
					"$(FRAMEWORK_SEARCH_PATHS_QUOTED_FOR_TARGET_2)",
					"$(FRAMEWORK_SEARCH_PATHS_QUOTED_FOR_TARGET_3)",
					"$(FRAMEWORK_SEARCH_PATHS_QUOTED_FOR_TARGET_4)",
					"$(FRAMEWORK_SEARCH_PATHS_QUOTED_FOR_TARGET_5)",
				);
				FRAMEWORK_SEARCH_PATHS_QUOTED_1 = "\"$(SYSTEM_LIBRARY_DIR)/PrivateFrameworks\"";
				FRAMEWORK_SEARCH_PATHS_QUOTED_2 = "\"$(SRCROOT)\"";
				FRAMEWORK_SEARCH_PATHS_QUOTED_3 = "\"$(SRCROOT)\"";
				FRAMEWORK_SEARCH_PATHS_QUOTED_FOR_TARGET_1 = "\"$(SRCROOT)\"";
				FRAMEWORK_SEARCH_PATHS_QUOTED_FOR_TARGET_2 = "\"$(SRCROOT)\"";
				FRAMEWORK_SEARCH_PATHS_QUOTED_FOR_TARGET_3 = "\"$(SRCROOT)\"";
				FRAMEWORK_SEARCH_PATHS_QUOTED_FOR_TARGET_4 = "\"$(SRCROOT)\"";
				FRAMEWORK_SEARCH_PATHS_QUOTED_FOR_TARGET_5 = "\"$(SRCROOT)\"";
				GCC_GENERATE_DEBUGGING_SYMBOLS = NO;
				GCC_MODEL_TUNING = G5;
				INFOPLIST_FILE = Info.plist;
				INSTALL_PATH = "$(HOME)/Applications";
				OTHER_CFLAGS = "-DDEBUG=1";
				PRODUCT_NAME = Breakaway;
				RUN_CLANG_STATIC_ANALYZER = YES;
				SDKROOT = /Developer/SDKs/MacOSX10.5.sdk;
				WRAPPER_EXTENSION = app;
			};
			name = "Release (Logs)";
		};
		0AAB58BE0B199DA5005B1E69 /* Release (Logs) */ = {
			isa = XCBuildConfiguration;
			buildSettings = {
				ARCHS = (
					ppc,
					i386,
				);
				GCC_WARN_ABOUT_RETURN_TYPE = YES;
				GCC_WARN_UNUSED_VARIABLE = YES;
				OTHER_CFLAGS = "-DMY_DEBUG_FLAG=1";
				PREBINDING = NO;
				SDKROOT = /Developer/SDKs/MacOSX10.5.sdk;
			};
			name = "Release (Logs)";
		};
		C01FCF4B08A954540054247B /* Debug */ = {
			isa = XCBuildConfiguration;
			buildSettings = {
				ARCHS = "$(ARCHS_STANDARD_32_BIT_PRE_XCODE_3_1)";
				ARCHS_STANDARD_32_BIT_PRE_XCODE_3_1 = "ppc i386";
				COPY_PHASE_STRIP = NO;
				FRAMEWORK_SEARCH_PATHS = (
					"$(inherited)",
					"$(FRAMEWORK_SEARCH_PATHS_QUOTED_1)",
					"$(FRAMEWORK_SEARCH_PATHS_QUOTED_2)",
					"$(FRAMEWORK_SEARCH_PATHS_QUOTED_3)",
					"$(FRAMEWORK_SEARCH_PATHS_QUOTED_FOR_TARGET_1)",
					"$(FRAMEWORK_SEARCH_PATHS_QUOTED_FOR_TARGET_2)",
					"$(FRAMEWORK_SEARCH_PATHS_QUOTED_FOR_TARGET_3)",
					"$(FRAMEWORK_SEARCH_PATHS_QUOTED_FOR_TARGET_4)",
					"$(FRAMEWORK_SEARCH_PATHS_QUOTED_FOR_TARGET_5)",
				);
				FRAMEWORK_SEARCH_PATHS_QUOTED_1 = "\"$(SYSTEM_LIBRARY_DIR)/PrivateFrameworks\"";
				FRAMEWORK_SEARCH_PATHS_QUOTED_2 = "\"$(SRCROOT)\"";
				FRAMEWORK_SEARCH_PATHS_QUOTED_3 = "\"$(SRCROOT)\"";
				FRAMEWORK_SEARCH_PATHS_QUOTED_FOR_TARGET_1 = "\"$(SRCROOT)\"";
				FRAMEWORK_SEARCH_PATHS_QUOTED_FOR_TARGET_2 = "\"$(SRCROOT)\"";
				FRAMEWORK_SEARCH_PATHS_QUOTED_FOR_TARGET_3 = "\"$(SRCROOT)\"";
				FRAMEWORK_SEARCH_PATHS_QUOTED_FOR_TARGET_4 = "\"$(SRCROOT)\"";
				FRAMEWORK_SEARCH_PATHS_QUOTED_FOR_TARGET_5 = "\"$(SRCROOT)\"";
				GCC_DYNAMIC_NO_PIC = NO;
				GCC_ENABLE_FIX_AND_CONTINUE = YES;
				GCC_MODEL_TUNING = "";
				GCC_OPTIMIZATION_LEVEL = 0;
				INFOPLIST_FILE = Info.plist;
				INSTALL_PATH = "$(HOME)/Applications";
				OTHER_CFLAGS = "-DDEBUG=1";
				PRODUCT_NAME = Breakaway;
				RUN_CLANG_STATIC_ANALYZER = YES;
				SDKROOT = /Developer/SDKs/MacOSX10.5.sdk;
				WRAPPER_EXTENSION = app;
				ZERO_LINK = NO;
			};
			name = Debug;
		};
		C01FCF4C08A954540054247B /* Release */ = {
			isa = XCBuildConfiguration;
			buildSettings = {
				ARCHS = "$(ARCHS_STANDARD_32_BIT_PRE_XCODE_3_1)";
				ARCHS_STANDARD_32_BIT_PRE_XCODE_3_1 = "ppc i386";
				FRAMEWORK_SEARCH_PATHS = (
					"$(inherited)",
					"$(FRAMEWORK_SEARCH_PATHS_QUOTED_1)",
					"$(FRAMEWORK_SEARCH_PATHS_QUOTED_2)",
					"$(FRAMEWORK_SEARCH_PATHS_QUOTED_3)",
					"$(FRAMEWORK_SEARCH_PATHS_QUOTED_FOR_TARGET_1)",
					"$(FRAMEWORK_SEARCH_PATHS_QUOTED_FOR_TARGET_2)",
					"$(FRAMEWORK_SEARCH_PATHS_QUOTED_FOR_TARGET_3)",
					"$(FRAMEWORK_SEARCH_PATHS_QUOTED_FOR_TARGET_4)",
					"$(FRAMEWORK_SEARCH_PATHS_QUOTED_FOR_TARGET_5)",
				);
				FRAMEWORK_SEARCH_PATHS_QUOTED_1 = "\"$(SYSTEM_LIBRARY_DIR)/PrivateFrameworks\"";
				FRAMEWORK_SEARCH_PATHS_QUOTED_2 = "\"$(SRCROOT)\"";
				FRAMEWORK_SEARCH_PATHS_QUOTED_3 = "\"$(SRCROOT)\"";
				FRAMEWORK_SEARCH_PATHS_QUOTED_FOR_TARGET_1 = "\"$(SRCROOT)\"";
				FRAMEWORK_SEARCH_PATHS_QUOTED_FOR_TARGET_2 = "\"$(SRCROOT)\"";
				FRAMEWORK_SEARCH_PATHS_QUOTED_FOR_TARGET_3 = "\"$(SRCROOT)\"";
				FRAMEWORK_SEARCH_PATHS_QUOTED_FOR_TARGET_4 = "\"$(SRCROOT)\"";
				FRAMEWORK_SEARCH_PATHS_QUOTED_FOR_TARGET_5 = "\"$(SRCROOT)\"";
				GCC_GENERATE_DEBUGGING_SYMBOLS = NO;
				GCC_MODEL_TUNING = G5;
				INFOPLIST_FILE = Info.plist;
				INSTALL_PATH = "$(HOME)/Applications";
				PRODUCT_NAME = Breakaway;
				RUN_CLANG_STATIC_ANALYZER = YES;
				SDKROOT = /Developer/SDKs/MacOSX10.5.sdk;
				WRAPPER_EXTENSION = app;
			};
			name = Release;
		};
		C01FCF4F08A954540054247B /* Debug */ = {
			isa = XCBuildConfiguration;
			buildSettings = {
				GCC_DEBUGGING_SYMBOLS = full;
				GCC_WARN_ABOUT_RETURN_TYPE = YES;
				GCC_WARN_UNUSED_VARIABLE = YES;
				OTHER_CFLAGS = "-DMY_DEBUG_FLAG=1";
				PREBINDING = NO;
				SDKROOT = /Developer/SDKs/MacOSX10.5.sdk;
			};
			name = Debug;
		};
		C01FCF5008A954540054247B /* Release */ = {
			isa = XCBuildConfiguration;
			buildSettings = {
				ARCHS = (
					ppc,
					i386,
				);
				GCC_WARN_ABOUT_RETURN_TYPE = YES;
				GCC_WARN_UNUSED_VARIABLE = YES;
				PREBINDING = NO;
				SDKROOT = /Developer/SDKs/MacOSX10.5.sdk;
			};
			name = Release;
		};
/* End XCBuildConfiguration section */

/* Begin XCConfigurationList section */
		0A55C48E0E36D7C300347DB7 /* Build configuration list for PBXNativeTarget "VLC Plugin" */ = {
			isa = XCConfigurationList;
			buildConfigurations = (
				0A55C48A0E36D7C300347DB7 /* Debug */,
				0A55C48B0E36D7C300347DB7 /* Debug (no Logs) */,
				0A55C48C0E36D7C300347DB7 /* Release */,
				0A55C48D0E36D7C300347DB7 /* Release (Logs) */,
			);
			defaultConfigurationIsVisible = 0;
			defaultConfigurationName = Release;
		};
		0A9C81C60E21CA62001B29F6 /* Build configuration list for PBXNativeTarget "AppleScript Plugin" */ = {
			isa = XCConfigurationList;
			buildConfigurations = (
				0A9C81C20E21CA62001B29F6 /* Debug */,
				0A9C81C30E21CA62001B29F6 /* Debug (no Logs) */,
				0A9C81C40E21CA62001B29F6 /* Release */,
				0A9C81C50E21CA62001B29F6 /* Release (Logs) */,
			);
			defaultConfigurationIsVisible = 0;
			defaultConfigurationName = Release;
		};
		C01FCF4A08A954540054247B /* Build configuration list for PBXNativeTarget "Breakaway" */ = {
			isa = XCConfigurationList;
			buildConfigurations = (
				C01FCF4B08A954540054247B /* Debug */,
				0A9CA8C70B0D5FD900D358FA /* Debug (no Logs) */,
				C01FCF4C08A954540054247B /* Release */,
				0AAB58BD0B199DA5005B1E69 /* Release (Logs) */,
			);
			defaultConfigurationIsVisible = 0;
			defaultConfigurationName = Release;
		};
		C01FCF4E08A954540054247B /* Build configuration list for PBXProject "Breakaway" */ = {
			isa = XCConfigurationList;
			buildConfigurations = (
				C01FCF4F08A954540054247B /* Debug */,
				0A9CA8C80B0D5FD900D358FA /* Debug (no Logs) */,
				C01FCF5008A954540054247B /* Release */,
				0AAB58BE0B199DA5005B1E69 /* Release (Logs) */,
			);
			defaultConfigurationIsVisible = 0;
			defaultConfigurationName = Release;
		};
/* End XCConfigurationList section */
	};
	rootObject = 29B97313FDCFA39411CA2CEA /* Project object */;
}
